// !$*UTF8*$!
{
	archiveVersion = 1;
	classes = {
	};
	objectVersion = 46;
	objects = {

/* Begin PBXBuildFile section */
		3107407B1B1F66C400927B2D /* Following.m in Sources */ = {isa = PBXBuildFile; fileRef = 3107407A1B1F66C400927B2D /* Following.m */; };
		31C5CFD01B20E65900472161 /* CustomAlert.m in Sources */ = {isa = PBXBuildFile; fileRef = 31C5CFCF1B20E65900472161 /* CustomAlert.m */; };
		31C5CFD31B20E93E00472161 /* Menu.m in Sources */ = {isa = PBXBuildFile; fileRef = 31C5CFD21B20E93E00472161 /* Menu.m */; };
		31C5CFD61B20E95800472161 /* Filter.m in Sources */ = {isa = PBXBuildFile; fileRef = 31C5CFD51B20E95800472161 /* Filter.m */; };
		C7E587D3A4E84C486D8DF64F /* libPods.a in Frameworks */ = {isa = PBXBuildFile; fileRef = EC28AD39D34D3975720338BA /* libPods.a */; };
		D006D1651B2776C7008A48FA /* Settings.m in Sources */ = {isa = PBXBuildFile; fileRef = D006D1641B2776C7008A48FA /* Settings.m */; };
		D00B29F11B38491F00DB87EC /* BEPageViewController.m in Sources */ = {isa = PBXBuildFile; fileRef = D00B29EF1B38491F00DB87EC /* BEPageViewController.m */; };
		D00B29F21B38491F00DB87EC /* BEPageViewController.xib in Resources */ = {isa = PBXBuildFile; fileRef = D00B29F01B38491F00DB87EC /* BEPageViewController.xib */; };
		D00B29F91B3898D600DB87EC /* BadgesCollectionViewCell.m in Sources */ = {isa = PBXBuildFile; fileRef = D00B29F71B3898D600DB87EC /* BadgesCollectionViewCell.m */; };
		D00B29FA1B3898D600DB87EC /* BadgesCollectionViewCell.xib in Resources */ = {isa = PBXBuildFile; fileRef = D00B29F81B3898D600DB87EC /* BadgesCollectionViewCell.xib */; };
		D01514CB1B1F686E00EFE991 /* UserInfo.m in Sources */ = {isa = PBXBuildFile; fileRef = D01514CA1B1F686E00EFE991 /* UserInfo.m */; };
		D01CB7411B29CBE3003DF616 /* Notifications.m in Sources */ = {isa = PBXBuildFile; fileRef = D01CB7401B29CBE3003DF616 /* Notifications.m */; };
		D01CB7451B29D78D003DF616 /* Support.m in Sources */ = {isa = PBXBuildFile; fileRef = D01CB7441B29D78D003DF616 /* Support.m */; };
		D01CB7471B2A126D003DF616 /* MessageUI.framework in Frameworks */ = {isa = PBXBuildFile; fileRef = D01CB7461B2A126D003DF616 /* MessageUI.framework */; };
		D01CB74D1B2A2711003DF616 /* TermsPrivacy.m in Sources */ = {isa = PBXBuildFile; fileRef = D01CB74C1B2A2711003DF616 /* TermsPrivacy.m */; };
		D027306D1B6C14930059CBE7 /* BEFadingImageView.m in Sources */ = {isa = PBXBuildFile; fileRef = D027306C1B6C14930059CBE7 /* BEFadingImageView.m */; };
		D02DE0DD1B2F651F00FE6A6A /* MyInformation.m in Sources */ = {isa = PBXBuildFile; fileRef = D02DE0DC1B2F651F00FE6A6A /* MyInformation.m */; };
		D02DE0E01B2F74A000FE6A6A /* UserRank.m in Sources */ = {isa = PBXBuildFile; fileRef = D02DE0DF1B2F74A000FE6A6A /* UserRank.m */; };
		D030579C1B20E84E00F20072 /* (null) in Sources */ = {isa = PBXBuildFile; };
		D030579F1B20E85900F20072 /* (null) in Sources */ = {isa = PBXBuildFile; };
		D031CEDF1B39DD900039A9C1 /* LeaderboardData.m in Sources */ = {isa = PBXBuildFile; fileRef = D031CEDE1B39DD900039A9C1 /* LeaderboardData.m */; };
		D031CEE31B39E4D70039A9C1 /* LeaderboardTableViewCell.m in Sources */ = {isa = PBXBuildFile; fileRef = D031CEE11B39E4D70039A9C1 /* LeaderboardTableViewCell.m */; };
		D031CEE41B39E4D70039A9C1 /* LeaderboardTableViewCell.xib in Resources */ = {isa = PBXBuildFile; fileRef = D031CEE21B39E4D70039A9C1 /* LeaderboardTableViewCell.xib */; };
		D03DB44F1B1F4CAA00810E1E /* Countries.plist in Resources */ = {isa = PBXBuildFile; fileRef = D03DB44E1B1F4CAA00810E1E /* Countries.plist */; };
		D04999E51B4D6EA600A52FD2 /* PostLayoutViewController.m in Sources */ = {isa = PBXBuildFile; fileRef = D04999E41B4D6EA600A52FD2 /* PostLayoutViewController.m */; };
		D04999E81B4D6FE700A52FD2 /* PostHashtagsViewController.m in Sources */ = {isa = PBXBuildFile; fileRef = D04999E71B4D6FE700A52FD2 /* PostHashtagsViewController.m */; };
		D04999EF1B4D833500A52FD2 /* BEAlert.m in Sources */ = {isa = PBXBuildFile; fileRef = D04999EE1B4D833500A52FD2 /* BEAlert.m */; };
		D04DEE7C1B30698400BF1557 /* UserNotifications.m in Sources */ = {isa = PBXBuildFile; fileRef = D04DEE7B1B30698400BF1557 /* UserNotifications.m */; };
		D04DEE801B30AFFC00BF1557 /* MyInfoTableViewCell.m in Sources */ = {isa = PBXBuildFile; fileRef = D04DEE7E1B30AFFC00BF1557 /* MyInfoTableViewCell.m */; };
		D04DEE851B30BE6000BF1557 /* UserCounts.m in Sources */ = {isa = PBXBuildFile; fileRef = D04DEE841B30BE6000BF1557 /* UserCounts.m */; };
		D054D8A21B4C247A00E72132 /* CreatePost.storyboard in Resources */ = {isa = PBXBuildFile; fileRef = D054D8A11B4C247A00E72132 /* CreatePost.storyboard */; };
		D054D8A41B4C38A600E72132 /* FeedCellHeader.xib in Resources */ = {isa = PBXBuildFile; fileRef = D054D8A31B4C38A600E72132 /* FeedCellHeader.xib */; };
		D05584C61B31D12A003FD842 /* Raleway-Black.ttf in Resources */ = {isa = PBXBuildFile; fileRef = D05584B41B31D12A003FD842 /* Raleway-Black.ttf */; };
		D05584C71B31D12A003FD842 /* Raleway-BlackItalic.ttf in Resources */ = {isa = PBXBuildFile; fileRef = D05584B51B31D12A003FD842 /* Raleway-BlackItalic.ttf */; };
		D05584C81B31D12A003FD842 /* Raleway-Bold.ttf in Resources */ = {isa = PBXBuildFile; fileRef = D05584B61B31D12A003FD842 /* Raleway-Bold.ttf */; };
		D05584C91B31D12A003FD842 /* Raleway-BoldItalic.ttf in Resources */ = {isa = PBXBuildFile; fileRef = D05584B71B31D12A003FD842 /* Raleway-BoldItalic.ttf */; };
		D05584CA1B31D12A003FD842 /* Raleway-ExtraBold.ttf in Resources */ = {isa = PBXBuildFile; fileRef = D05584B81B31D12A003FD842 /* Raleway-ExtraBold.ttf */; };
		D05584CB1B31D12A003FD842 /* Raleway-ExtraBoldItalic.ttf in Resources */ = {isa = PBXBuildFile; fileRef = D05584B91B31D12A003FD842 /* Raleway-ExtraBoldItalic.ttf */; };
		D05584CC1B31D12A003FD842 /* Raleway-ExtraLight.ttf in Resources */ = {isa = PBXBuildFile; fileRef = D05584BA1B31D12A003FD842 /* Raleway-ExtraLight.ttf */; };
		D05584CD1B31D12A003FD842 /* Raleway-ExtraLightItalic.ttf in Resources */ = {isa = PBXBuildFile; fileRef = D05584BB1B31D12A003FD842 /* Raleway-ExtraLightItalic.ttf */; };
		D05584CE1B31D12A003FD842 /* Raleway-Italic.ttf in Resources */ = {isa = PBXBuildFile; fileRef = D05584BC1B31D12A003FD842 /* Raleway-Italic.ttf */; };
		D05584CF1B31D12A003FD842 /* Raleway-Light.ttf in Resources */ = {isa = PBXBuildFile; fileRef = D05584BD1B31D12A003FD842 /* Raleway-Light.ttf */; };
		D05584D01B31D12A003FD842 /* Raleway-LightItalic.ttf in Resources */ = {isa = PBXBuildFile; fileRef = D05584BE1B31D12A003FD842 /* Raleway-LightItalic.ttf */; };
		D05584D11B31D12A003FD842 /* Raleway-Medium.ttf in Resources */ = {isa = PBXBuildFile; fileRef = D05584BF1B31D12A003FD842 /* Raleway-Medium.ttf */; };
		D05584D21B31D12A003FD842 /* Raleway-MediumItalic.ttf in Resources */ = {isa = PBXBuildFile; fileRef = D05584C01B31D12A003FD842 /* Raleway-MediumItalic.ttf */; };
		D05584D31B31D12A003FD842 /* Raleway-Regular.ttf in Resources */ = {isa = PBXBuildFile; fileRef = D05584C11B31D12A003FD842 /* Raleway-Regular.ttf */; };
		D05584D41B31D12A003FD842 /* Raleway-SemiBold.ttf in Resources */ = {isa = PBXBuildFile; fileRef = D05584C21B31D12A003FD842 /* Raleway-SemiBold.ttf */; };
		D05584D51B31D12A003FD842 /* Raleway-SemiBoldItalic.ttf in Resources */ = {isa = PBXBuildFile; fileRef = D05584C31B31D12A003FD842 /* Raleway-SemiBoldItalic.ttf */; };
		D05584D61B31D12A003FD842 /* Raleway-Thin.ttf in Resources */ = {isa = PBXBuildFile; fileRef = D05584C41B31D12A003FD842 /* Raleway-Thin.ttf */; };
		D05584D71B31D12A003FD842 /* Raleway-ThinItalic.ttf in Resources */ = {isa = PBXBuildFile; fileRef = D05584C51B31D12A003FD842 /* Raleway-ThinItalic.ttf */; };
		D05584D81B31D355003FD842 /* MyInfoTableViewCell.xib in Resources */ = {isa = PBXBuildFile; fileRef = D04DEE7F1B30AFFC00BF1557 /* MyInfoTableViewCell.xib */; };
		D05584D91B31D355003FD842 /* Main.storyboard in Resources */ = {isa = PBXBuildFile; fileRef = D05EF75E1B0B70EF00D01AE4 /* Main.storyboard */; };
		D05584DA1B31D355003FD842 /* Feed.storyboard in Resources */ = {isa = PBXBuildFile; fileRef = D0C082901B2F0A49009341B0 /* Feed.storyboard */; };
		D05584DB1B31D355003FD842 /* LaunchScreen.xib in Resources */ = {isa = PBXBuildFile; fileRef = D05EF7631B0B70EF00D01AE4 /* LaunchScreen.xib */; };
		D05584EA1B31F1C1003FD842 /* BELabel.m in Sources */ = {isa = PBXBuildFile; fileRef = D05584E91B31F1C1003FD842 /* BELabel.m */; };
		D05584ED1B31F2E5003FD842 /* BEButton.m in Sources */ = {isa = PBXBuildFile; fileRef = D05584EC1B31F2E5003FD842 /* BEButton.m */; };
		D05584EF1B320A1D003FD842 /* Settings.storyboard in Resources */ = {isa = PBXBuildFile; fileRef = D05584EE1B320A1D003FD842 /* Settings.storyboard */; };
		D05EF7571B0B70EF00D01AE4 /* main.m in Sources */ = {isa = PBXBuildFile; fileRef = D05EF7561B0B70EF00D01AE4 /* main.m */; };
		D05EF75A1B0B70EF00D01AE4 /* AppDelegate.m in Sources */ = {isa = PBXBuildFile; fileRef = D05EF7591B0B70EF00D01AE4 /* AppDelegate.m */; };
		D05EF75D1B0B70EF00D01AE4 /* Feed.m in Sources */ = {isa = PBXBuildFile; fileRef = D05EF75C1B0B70EF00D01AE4 /* Feed.m */; };
		D05EF7621B0B70EF00D01AE4 /* Images.xcassets in Resources */ = {isa = PBXBuildFile; fileRef = D05EF7611B0B70EF00D01AE4 /* Images.xcassets */; };
		D05EF7711B0B70EF00D01AE4 /* BetterTests.m in Sources */ = {isa = PBXBuildFile; fileRef = D05EF7701B0B70EF00D01AE4 /* BetterTests.m */; };
		D05EF7841B0B945F00D01AE4 /* Signup.m in Sources */ = {isa = PBXBuildFile; fileRef = D05EF7831B0B945F00D01AE4 /* Signup.m */; };
		D05EF7881B0B9F0800D01AE4 /* Login.m in Sources */ = {isa = PBXBuildFile; fileRef = D05EF7871B0B9F0800D01AE4 /* Login.m */; };
		D06629941B4AD7F900359261 /* FeedCellSingleImage.xib in Resources */ = {isa = PBXBuildFile; fileRef = D06629911B4AD7F900359261 /* FeedCellSingleImage.xib */; };
		D06629951B4AD7F900359261 /* FeedCellLeftRight.xib in Resources */ = {isa = PBXBuildFile; fileRef = D06629921B4AD7F900359261 /* FeedCellLeftRight.xib */; };
		D06629961B4AD7F900359261 /* FeedCellTopBottom.xib in Resources */ = {isa = PBXBuildFile; fileRef = D06629931B4AD7F900359261 /* FeedCellTopBottom.xib */; };
		D066299A1B4AD82200359261 /* FeedTableViewController.m in Sources */ = {isa = PBXBuildFile; fileRef = D06629981B4AD82200359261 /* FeedTableViewController.m */; };
		D066299B1B4AD82200359261 /* FeedTableViewController.xib in Resources */ = {isa = PBXBuildFile; fileRef = D06629991B4AD82200359261 /* FeedTableViewController.xib */; };
		D066299F1B4AD84A00359261 /* BEHotspotView.m in Sources */ = {isa = PBXBuildFile; fileRef = D066299E1B4AD84A00359261 /* BEHotspotView.m */; };
		D06629A51B4AD86700359261 /* FeedCell.m in Sources */ = {isa = PBXBuildFile; fileRef = D06629A21B4AD86700359261 /* FeedCell.m */; };
		D06629A61B4AD86700359261 /* FeedCellHeader.m in Sources */ = {isa = PBXBuildFile; fileRef = D06629A41B4AD86700359261 /* FeedCellHeader.m */; };
		D06629AC1B4AD88C00359261 /* FeedCellSingleImage.m in Sources */ = {isa = PBXBuildFile; fileRef = D06629AB1B4AD88C00359261 /* FeedCellSingleImage.m */; };
		D06629AF1B4AD89200359261 /* FeedCellLeftRight.m in Sources */ = {isa = PBXBuildFile; fileRef = D06629AE1B4AD89200359261 /* FeedCellLeftRight.m */; };
		D06629B21B4AD89900359261 /* FeedCellTopBottom.m in Sources */ = {isa = PBXBuildFile; fileRef = D06629B11B4AD89900359261 /* FeedCellTopBottom.m */; };
		D06F394D1B3305C700721FCE /* MyRanking.m in Sources */ = {isa = PBXBuildFile; fileRef = D06F394C1B3305C700721FCE /* MyRanking.m */; };
		D06F39501B33219100721FCE /* ExtendedNavBarView.m in Sources */ = {isa = PBXBuildFile; fileRef = D06F394F1B33219100721FCE /* ExtendedNavBarView.m */; };
		D06F39531B3369A800721FCE /* Leaderboard.m in Sources */ = {isa = PBXBuildFile; fileRef = D06F39521B3369A800721FCE /* Leaderboard.m */; };
		D07178631B601B64003863F0 /* BEAddTagButton.m in Sources */ = {isa = PBXBuildFile; fileRef = D07178621B601B64003863F0 /* BEAddTagButton.m */; };
		D07178661B602E4A003863F0 /* SuggestedTag.m in Sources */ = {isa = PBXBuildFile; fileRef = D07178651B602E4A003863F0 /* SuggestedTag.m */; };
		D07415621B59503900DAB004 /* BEPostingHotspotView.m in Sources */ = {isa = PBXBuildFile; fileRef = D07415611B59503900DAB004 /* BEPostingHotspotView.m */; };
		D07A47211B667F86009760BE /* FeedDataController.m in Sources */ = {isa = PBXBuildFile; fileRef = D07A47201B667F86009760BE /* FeedDataController.m */; };
		D07A47241B66D490009760BE /* PostObject.m in Sources */ = {isa = PBXBuildFile; fileRef = D07A47231B66D490009760BE /* PostObject.m */; };
		D0835FB81B0CEDFB00D88412 /* BETextField.m in Sources */ = {isa = PBXBuildFile; fileRef = D0835FB71B0CEDFB00D88412 /* BETextField.m */; };
		D0835FBD1B0CF43B00D88412 /* ForgotPassword.m in Sources */ = {isa = PBXBuildFile; fileRef = D0835FBC1B0CF43B00D88412 /* ForgotPassword.m */; };
		D099018F1B0E35A900760CDF /* Profile.m in Sources */ = {isa = PBXBuildFile; fileRef = D099018E1B0E35A900760CDF /* Profile.m */; };
		D09901921B0E619300760CDF /* BEScrollingViewController.m in Sources */ = {isa = PBXBuildFile; fileRef = D09901911B0E619300760CDF /* BEScrollingViewController.m */; };
		D0A250E51B1758AA003E7D0B /* BELine.m in Sources */ = {isa = PBXBuildFile; fileRef = D0A250E41B1758AA003E7D0B /* BELine.m */; };
		D0A2C2691B0F6ECE00C44A7B /* Intro.m in Sources */ = {isa = PBXBuildFile; fileRef = D0A2C2681B0F6ECE00C44A7B /* Intro.m */; };
		D0A978001B6AAF1A00895B6B /* BELabelFast.m in Sources */ = {isa = PBXBuildFile; fileRef = D0A977FF1B6AAF1A00895B6B /* BELabelFast.m */; };
		D0B282DA1B1E0545006FD580 /* BEDatePickerView.m in Sources */ = {isa = PBXBuildFile; fileRef = D0B282D91B1E0545006FD580 /* BEDatePickerView.m */; };
		D0B282E91B1E5081006FD580 /* BEPickerView.m in Sources */ = {isa = PBXBuildFile; fileRef = D0B282E81B1E5081006FD580 /* BEPickerView.m */; };
		D0CBA1C81B2239F0002DD192 /* BETappableView.m in Sources */ = {isa = PBXBuildFile; fileRef = D0CBA1C71B2239F0002DD192 /* BETappableView.m */; };
		D0CD720B1B2B6237004A5765 /* MyRankingController.m in Sources */ = {isa = PBXBuildFile; fileRef = D0CD720A1B2B6237004A5765 /* MyRankingController.m */; };
		D0CD720E1B2B72D1004A5765 /* RankBarView.m in Sources */ = {isa = PBXBuildFile; fileRef = D0CD720D1B2B72D1004A5765 /* RankBarView.m */; };
		D0D7CA971B0F89AB00363A39 /* IntroPageContent.m in Sources */ = {isa = PBXBuildFile; fileRef = D0D7CA961B0F89AB00363A39 /* IntroPageContent.m */; };
		D0D7CA9A1B0F8E8E00363A39 /* IntroPage.m in Sources */ = {isa = PBXBuildFile; fileRef = D0D7CA991B0F8E8E00363A39 /* IntroPage.m */; };
		D0F347DC1B289829001950E4 /* MyAccount.m in Sources */ = {isa = PBXBuildFile; fileRef = D0F347DB1B289829001950E4 /* MyAccount.m */; };
		D0FA295B1B5E8E1900F5B24C /* SuggestedTags.plist in Resources */ = {isa = PBXBuildFile; fileRef = D0FA295A1B5E8E1900F5B24C /* SuggestedTags.plist */; };
		D0FA29651B5E994400F5B24C /* HashtagCellDeletable.m in Sources */ = {isa = PBXBuildFile; fileRef = D0FA29631B5E994400F5B24C /* HashtagCellDeletable.m */; };
		D0FA29661B5E994400F5B24C /* HashtagCellDeletable.xib in Resources */ = {isa = PBXBuildFile; fileRef = D0FA29641B5E994400F5B24C /* HashtagCellDeletable.xib */; };
		D0FA296A1B5E998E00F5B24C /* HashtagCellNoDelete.m in Sources */ = {isa = PBXBuildFile; fileRef = D0FA29681B5E998E00F5B24C /* HashtagCellNoDelete.m */; };
		D0FA296B1B5E998E00F5B24C /* HashtagCellNoDelete.xib in Resources */ = {isa = PBXBuildFile; fileRef = D0FA29691B5E998E00F5B24C /* HashtagCellNoDelete.xib */; };
		D0FA29721B5EE52000F5B24C /* SelectedHashtagsFlowLayout.m in Sources */ = {isa = PBXBuildFile; fileRef = D0FA29711B5EE52000F5B24C /* SelectedHashtagsFlowLayout.m */; };
/* End PBXBuildFile section */

/* Begin PBXContainerItemProxy section */
		D05EF76B1B0B70EF00D01AE4 /* PBXContainerItemProxy */ = {
			isa = PBXContainerItemProxy;
			containerPortal = D05EF7491B0B70EF00D01AE4 /* Project object */;
			proxyType = 1;
			remoteGlobalIDString = D05EF7501B0B70EF00D01AE4;
			remoteInfo = Tests;
		};
/* End PBXContainerItemProxy section */

/* Begin PBXFileReference section */
		3107407A1B1F66C400927B2D /* Following.m */ = {isa = PBXFileReference; fileEncoding = 4; lastKnownFileType = sourcecode.c.objc; path = Following.m; sourceTree = "<group>"; };
		3107407C1B1F685200927B2D /* Following.h */ = {isa = PBXFileReference; lastKnownFileType = sourcecode.c.h; path = Following.h; sourceTree = "<group>"; };
		31C5CFCE1B20E63F00472161 /* CustomAlert.h */ = {isa = PBXFileReference; lastKnownFileType = sourcecode.c.h; path = CustomAlert.h; sourceTree = "<group>"; };
		31C5CFCF1B20E65900472161 /* CustomAlert.m */ = {isa = PBXFileReference; fileEncoding = 4; lastKnownFileType = sourcecode.c.objc; path = CustomAlert.m; sourceTree = "<group>"; };
		31C5CFD11B20E93E00472161 /* Menu.h */ = {isa = PBXFileReference; fileEncoding = 4; lastKnownFileType = sourcecode.c.h; path = Menu.h; sourceTree = "<group>"; };
		31C5CFD21B20E93E00472161 /* Menu.m */ = {isa = PBXFileReference; fileEncoding = 4; lastKnownFileType = sourcecode.c.objc; path = Menu.m; sourceTree = "<group>"; };
		31C5CFD41B20E95800472161 /* Filter.h */ = {isa = PBXFileReference; fileEncoding = 4; lastKnownFileType = sourcecode.c.h; path = Filter.h; sourceTree = "<group>"; };
		31C5CFD51B20E95800472161 /* Filter.m */ = {isa = PBXFileReference; fileEncoding = 4; lastKnownFileType = sourcecode.c.objc; path = Filter.m; sourceTree = "<group>"; };
		8ACB9E8F432E58E61684C492 /* Pods.release.xcconfig */ = {isa = PBXFileReference; includeInIndex = 1; lastKnownFileType = text.xcconfig; name = Pods.release.xcconfig; path = "Pods/Target Support Files/Pods/Pods.release.xcconfig"; sourceTree = "<group>"; };
		B0BFE93A98894EBBC42AA3B0 /* Pods.debug.xcconfig */ = {isa = PBXFileReference; includeInIndex = 1; lastKnownFileType = text.xcconfig; name = Pods.debug.xcconfig; path = "Pods/Target Support Files/Pods/Pods.debug.xcconfig"; sourceTree = "<group>"; };
		D006D1631B2776C7008A48FA /* Settings.h */ = {isa = PBXFileReference; fileEncoding = 4; lastKnownFileType = sourcecode.c.h; path = Settings.h; sourceTree = "<group>"; };
		D006D1641B2776C7008A48FA /* Settings.m */ = {isa = PBXFileReference; fileEncoding = 4; lastKnownFileType = sourcecode.c.objc; path = Settings.m; sourceTree = "<group>"; };
		D00B29EE1B38491F00DB87EC /* BEPageViewController.h */ = {isa = PBXFileReference; fileEncoding = 4; lastKnownFileType = sourcecode.c.h; path = BEPageViewController.h; sourceTree = "<group>"; };
		D00B29EF1B38491F00DB87EC /* BEPageViewController.m */ = {isa = PBXFileReference; fileEncoding = 4; lastKnownFileType = sourcecode.c.objc; path = BEPageViewController.m; sourceTree = "<group>"; };
		D00B29F01B38491F00DB87EC /* BEPageViewController.xib */ = {isa = PBXFileReference; fileEncoding = 4; lastKnownFileType = file.xib; path = BEPageViewController.xib; sourceTree = "<group>"; };
		D00B29F61B3898D600DB87EC /* BadgesCollectionViewCell.h */ = {isa = PBXFileReference; fileEncoding = 4; lastKnownFileType = sourcecode.c.h; path = BadgesCollectionViewCell.h; sourceTree = "<group>"; };
		D00B29F71B3898D600DB87EC /* BadgesCollectionViewCell.m */ = {isa = PBXFileReference; fileEncoding = 4; lastKnownFileType = sourcecode.c.objc; path = BadgesCollectionViewCell.m; sourceTree = "<group>"; };
		D00B29F81B3898D600DB87EC /* BadgesCollectionViewCell.xib */ = {isa = PBXFileReference; fileEncoding = 4; lastKnownFileType = file.xib; path = BadgesCollectionViewCell.xib; sourceTree = "<group>"; };
		D01514C91B1F686E00EFE991 /* UserInfo.h */ = {isa = PBXFileReference; fileEncoding = 4; lastKnownFileType = sourcecode.c.h; path = UserInfo.h; sourceTree = "<group>"; };
		D01514CA1B1F686E00EFE991 /* UserInfo.m */ = {isa = PBXFileReference; fileEncoding = 4; lastKnownFileType = sourcecode.c.objc; path = UserInfo.m; sourceTree = "<group>"; };
		D01CB73F1B29CBE3003DF616 /* Notifications.h */ = {isa = PBXFileReference; fileEncoding = 4; lastKnownFileType = sourcecode.c.h; path = Notifications.h; sourceTree = "<group>"; };
		D01CB7401B29CBE3003DF616 /* Notifications.m */ = {isa = PBXFileReference; fileEncoding = 4; lastKnownFileType = sourcecode.c.objc; path = Notifications.m; sourceTree = "<group>"; };
		D01CB7431B29D78D003DF616 /* Support.h */ = {isa = PBXFileReference; fileEncoding = 4; lastKnownFileType = sourcecode.c.h; path = Support.h; sourceTree = "<group>"; };
		D01CB7441B29D78D003DF616 /* Support.m */ = {isa = PBXFileReference; fileEncoding = 4; lastKnownFileType = sourcecode.c.objc; path = Support.m; sourceTree = "<group>"; };
		D01CB7461B2A126D003DF616 /* MessageUI.framework */ = {isa = PBXFileReference; lastKnownFileType = wrapper.framework; name = MessageUI.framework; path = System/Library/Frameworks/MessageUI.framework; sourceTree = SDKROOT; };
		D01CB74B1B2A2711003DF616 /* TermsPrivacy.h */ = {isa = PBXFileReference; fileEncoding = 4; lastKnownFileType = sourcecode.c.h; path = TermsPrivacy.h; sourceTree = "<group>"; };
		D01CB74C1B2A2711003DF616 /* TermsPrivacy.m */ = {isa = PBXFileReference; fileEncoding = 4; lastKnownFileType = sourcecode.c.objc; path = TermsPrivacy.m; sourceTree = "<group>"; };
		D027306B1B6C14930059CBE7 /* BEFadingImageView.h */ = {isa = PBXFileReference; fileEncoding = 4; lastKnownFileType = sourcecode.c.h; path = BEFadingImageView.h; sourceTree = "<group>"; };
		D027306C1B6C14930059CBE7 /* BEFadingImageView.m */ = {isa = PBXFileReference; fileEncoding = 4; lastKnownFileType = sourcecode.c.objc; path = BEFadingImageView.m; sourceTree = "<group>"; };
		D02DE0DB1B2F651F00FE6A6A /* MyInformation.h */ = {isa = PBXFileReference; fileEncoding = 4; lastKnownFileType = sourcecode.c.h; path = MyInformation.h; sourceTree = "<group>"; };
		D02DE0DC1B2F651F00FE6A6A /* MyInformation.m */ = {isa = PBXFileReference; fileEncoding = 4; lastKnownFileType = sourcecode.c.objc; path = MyInformation.m; sourceTree = "<group>"; };
		D02DE0DE1B2F74A000FE6A6A /* UserRank.h */ = {isa = PBXFileReference; fileEncoding = 4; lastKnownFileType = sourcecode.c.h; path = UserRank.h; sourceTree = "<group>"; };
		D02DE0DF1B2F74A000FE6A6A /* UserRank.m */ = {isa = PBXFileReference; fileEncoding = 4; lastKnownFileType = sourcecode.c.objc; path = UserRank.m; sourceTree = "<group>"; };
		D031CEDD1B39DD900039A9C1 /* LeaderboardData.h */ = {isa = PBXFileReference; fileEncoding = 4; lastKnownFileType = sourcecode.c.h; path = LeaderboardData.h; sourceTree = "<group>"; };
		D031CEDE1B39DD900039A9C1 /* LeaderboardData.m */ = {isa = PBXFileReference; fileEncoding = 4; lastKnownFileType = sourcecode.c.objc; path = LeaderboardData.m; sourceTree = "<group>"; };
		D031CEE01B39E4D70039A9C1 /* LeaderboardTableViewCell.h */ = {isa = PBXFileReference; fileEncoding = 4; lastKnownFileType = sourcecode.c.h; path = LeaderboardTableViewCell.h; sourceTree = "<group>"; };
		D031CEE11B39E4D70039A9C1 /* LeaderboardTableViewCell.m */ = {isa = PBXFileReference; fileEncoding = 4; lastKnownFileType = sourcecode.c.objc; path = LeaderboardTableViewCell.m; sourceTree = "<group>"; };
		D031CEE21B39E4D70039A9C1 /* LeaderboardTableViewCell.xib */ = {isa = PBXFileReference; fileEncoding = 4; lastKnownFileType = file.xib; path = LeaderboardTableViewCell.xib; sourceTree = "<group>"; };
		D03DB44E1B1F4CAA00810E1E /* Countries.plist */ = {isa = PBXFileReference; fileEncoding = 4; lastKnownFileType = text.plist.xml; path = Countries.plist; sourceTree = "<group>"; };
		D04999E31B4D6EA600A52FD2 /* PostLayoutViewController.h */ = {isa = PBXFileReference; fileEncoding = 4; lastKnownFileType = sourcecode.c.h; path = PostLayoutViewController.h; sourceTree = "<group>"; };
		D04999E41B4D6EA600A52FD2 /* PostLayoutViewController.m */ = {isa = PBXFileReference; fileEncoding = 4; lastKnownFileType = sourcecode.c.objc; path = PostLayoutViewController.m; sourceTree = "<group>"; };
		D04999E61B4D6FE700A52FD2 /* PostHashtagsViewController.h */ = {isa = PBXFileReference; fileEncoding = 4; lastKnownFileType = sourcecode.c.h; path = PostHashtagsViewController.h; sourceTree = "<group>"; };
		D04999E71B4D6FE700A52FD2 /* PostHashtagsViewController.m */ = {isa = PBXFileReference; fileEncoding = 4; lastKnownFileType = sourcecode.c.objc; path = PostHashtagsViewController.m; sourceTree = "<group>"; };
		D04999ED1B4D833500A52FD2 /* BEAlert.h */ = {isa = PBXFileReference; fileEncoding = 4; lastKnownFileType = sourcecode.c.h; path = BEAlert.h; sourceTree = "<group>"; };
		D04999EE1B4D833500A52FD2 /* BEAlert.m */ = {isa = PBXFileReference; fileEncoding = 4; lastKnownFileType = sourcecode.c.objc; path = BEAlert.m; sourceTree = "<group>"; };
		D04DEE7A1B30698400BF1557 /* UserNotifications.h */ = {isa = PBXFileReference; fileEncoding = 4; lastKnownFileType = sourcecode.c.h; path = UserNotifications.h; sourceTree = "<group>"; };
		D04DEE7B1B30698400BF1557 /* UserNotifications.m */ = {isa = PBXFileReference; fileEncoding = 4; lastKnownFileType = sourcecode.c.objc; path = UserNotifications.m; sourceTree = "<group>"; };
		D04DEE7D1B30AFFC00BF1557 /* MyInfoTableViewCell.h */ = {isa = PBXFileReference; fileEncoding = 4; lastKnownFileType = sourcecode.c.h; path = MyInfoTableViewCell.h; sourceTree = "<group>"; };
		D04DEE7E1B30AFFC00BF1557 /* MyInfoTableViewCell.m */ = {isa = PBXFileReference; fileEncoding = 4; lastKnownFileType = sourcecode.c.objc; path = MyInfoTableViewCell.m; sourceTree = "<group>"; };
		D04DEE7F1B30AFFC00BF1557 /* MyInfoTableViewCell.xib */ = {isa = PBXFileReference; fileEncoding = 4; lastKnownFileType = file.xib; name = MyInfoTableViewCell.xib; path = Base.lproj/MyInfoTableViewCell.xib; sourceTree = "<group>"; };
		D04DEE831B30BE6000BF1557 /* UserCounts.h */ = {isa = PBXFileReference; fileEncoding = 4; lastKnownFileType = sourcecode.c.h; path = UserCounts.h; sourceTree = "<group>"; };
		D04DEE841B30BE6000BF1557 /* UserCounts.m */ = {isa = PBXFileReference; fileEncoding = 4; lastKnownFileType = sourcecode.c.objc; path = UserCounts.m; sourceTree = "<group>"; };
		D054D8A11B4C247A00E72132 /* CreatePost.storyboard */ = {isa = PBXFileReference; fileEncoding = 4; lastKnownFileType = file.storyboard; path = CreatePost.storyboard; sourceTree = "<group>"; };
		D054D8A31B4C38A600E72132 /* FeedCellHeader.xib */ = {isa = PBXFileReference; fileEncoding = 4; lastKnownFileType = file.xib; path = FeedCellHeader.xib; sourceTree = "<group>"; };
		D05584B41B31D12A003FD842 /* Raleway-Black.ttf */ = {isa = PBXFileReference; lastKnownFileType = file; name = "Raleway-Black.ttf"; path = "Resources/Raleway-Black.ttf"; sourceTree = "<group>"; };
		D05584B51B31D12A003FD842 /* Raleway-BlackItalic.ttf */ = {isa = PBXFileReference; lastKnownFileType = file; name = "Raleway-BlackItalic.ttf"; path = "Resources/Raleway-BlackItalic.ttf"; sourceTree = "<group>"; };
		D05584B61B31D12A003FD842 /* Raleway-Bold.ttf */ = {isa = PBXFileReference; lastKnownFileType = file; name = "Raleway-Bold.ttf"; path = "Resources/Raleway-Bold.ttf"; sourceTree = "<group>"; };
		D05584B71B31D12A003FD842 /* Raleway-BoldItalic.ttf */ = {isa = PBXFileReference; lastKnownFileType = file; name = "Raleway-BoldItalic.ttf"; path = "Resources/Raleway-BoldItalic.ttf"; sourceTree = "<group>"; };
		D05584B81B31D12A003FD842 /* Raleway-ExtraBold.ttf */ = {isa = PBXFileReference; lastKnownFileType = file; name = "Raleway-ExtraBold.ttf"; path = "Resources/Raleway-ExtraBold.ttf"; sourceTree = "<group>"; };
		D05584B91B31D12A003FD842 /* Raleway-ExtraBoldItalic.ttf */ = {isa = PBXFileReference; lastKnownFileType = file; name = "Raleway-ExtraBoldItalic.ttf"; path = "Resources/Raleway-ExtraBoldItalic.ttf"; sourceTree = "<group>"; };
		D05584BA1B31D12A003FD842 /* Raleway-ExtraLight.ttf */ = {isa = PBXFileReference; lastKnownFileType = file; name = "Raleway-ExtraLight.ttf"; path = "Resources/Raleway-ExtraLight.ttf"; sourceTree = "<group>"; };
		D05584BB1B31D12A003FD842 /* Raleway-ExtraLightItalic.ttf */ = {isa = PBXFileReference; lastKnownFileType = file; name = "Raleway-ExtraLightItalic.ttf"; path = "Resources/Raleway-ExtraLightItalic.ttf"; sourceTree = "<group>"; };
		D05584BC1B31D12A003FD842 /* Raleway-Italic.ttf */ = {isa = PBXFileReference; lastKnownFileType = file; name = "Raleway-Italic.ttf"; path = "Resources/Raleway-Italic.ttf"; sourceTree = "<group>"; };
		D05584BD1B31D12A003FD842 /* Raleway-Light.ttf */ = {isa = PBXFileReference; lastKnownFileType = file; name = "Raleway-Light.ttf"; path = "Resources/Raleway-Light.ttf"; sourceTree = "<group>"; };
		D05584BE1B31D12A003FD842 /* Raleway-LightItalic.ttf */ = {isa = PBXFileReference; lastKnownFileType = file; name = "Raleway-LightItalic.ttf"; path = "Resources/Raleway-LightItalic.ttf"; sourceTree = "<group>"; };
		D05584BF1B31D12A003FD842 /* Raleway-Medium.ttf */ = {isa = PBXFileReference; lastKnownFileType = file; name = "Raleway-Medium.ttf"; path = "Resources/Raleway-Medium.ttf"; sourceTree = "<group>"; };
		D05584C01B31D12A003FD842 /* Raleway-MediumItalic.ttf */ = {isa = PBXFileReference; lastKnownFileType = file; name = "Raleway-MediumItalic.ttf"; path = "Resources/Raleway-MediumItalic.ttf"; sourceTree = "<group>"; };
		D05584C11B31D12A003FD842 /* Raleway-Regular.ttf */ = {isa = PBXFileReference; lastKnownFileType = file; name = "Raleway-Regular.ttf"; path = "Resources/Raleway-Regular.ttf"; sourceTree = "<group>"; };
		D05584C21B31D12A003FD842 /* Raleway-SemiBold.ttf */ = {isa = PBXFileReference; lastKnownFileType = file; name = "Raleway-SemiBold.ttf"; path = "Resources/Raleway-SemiBold.ttf"; sourceTree = "<group>"; };
		D05584C31B31D12A003FD842 /* Raleway-SemiBoldItalic.ttf */ = {isa = PBXFileReference; lastKnownFileType = file; name = "Raleway-SemiBoldItalic.ttf"; path = "Resources/Raleway-SemiBoldItalic.ttf"; sourceTree = "<group>"; };
		D05584C41B31D12A003FD842 /* Raleway-Thin.ttf */ = {isa = PBXFileReference; lastKnownFileType = file; name = "Raleway-Thin.ttf"; path = "Resources/Raleway-Thin.ttf"; sourceTree = "<group>"; };
		D05584C51B31D12A003FD842 /* Raleway-ThinItalic.ttf */ = {isa = PBXFileReference; lastKnownFileType = file; name = "Raleway-ThinItalic.ttf"; path = "Resources/Raleway-ThinItalic.ttf"; sourceTree = "<group>"; };
		D05584E81B31F1C1003FD842 /* BELabel.h */ = {isa = PBXFileReference; fileEncoding = 4; lastKnownFileType = sourcecode.c.h; path = BELabel.h; sourceTree = "<group>"; };
		D05584E91B31F1C1003FD842 /* BELabel.m */ = {isa = PBXFileReference; fileEncoding = 4; lastKnownFileType = sourcecode.c.objc; path = BELabel.m; sourceTree = "<group>"; };
		D05584EB1B31F2E5003FD842 /* BEButton.h */ = {isa = PBXFileReference; fileEncoding = 4; lastKnownFileType = sourcecode.c.h; path = BEButton.h; sourceTree = "<group>"; };
		D05584EC1B31F2E5003FD842 /* BEButton.m */ = {isa = PBXFileReference; fileEncoding = 4; lastKnownFileType = sourcecode.c.objc; path = BEButton.m; sourceTree = "<group>"; };
		D05584EE1B320A1D003FD842 /* Settings.storyboard */ = {isa = PBXFileReference; fileEncoding = 4; lastKnownFileType = file.storyboard; name = Settings.storyboard; path = Base.lproj/Settings.storyboard; sourceTree = "<group>"; };
		D05EF7511B0B70EF00D01AE4 /* Better.app */ = {isa = PBXFileReference; explicitFileType = wrapper.application; includeInIndex = 0; path = Better.app; sourceTree = BUILT_PRODUCTS_DIR; };
		D05EF7551B0B70EF00D01AE4 /* Info.plist */ = {isa = PBXFileReference; lastKnownFileType = text.plist.xml; path = Info.plist; sourceTree = "<group>"; };
		D05EF7561B0B70EF00D01AE4 /* main.m */ = {isa = PBXFileReference; lastKnownFileType = sourcecode.c.objc; path = main.m; sourceTree = "<group>"; };
		D05EF7581B0B70EF00D01AE4 /* AppDelegate.h */ = {isa = PBXFileReference; lastKnownFileType = sourcecode.c.h; path = AppDelegate.h; sourceTree = "<group>"; };
		D05EF7591B0B70EF00D01AE4 /* AppDelegate.m */ = {isa = PBXFileReference; lastKnownFileType = sourcecode.c.objc; path = AppDelegate.m; sourceTree = "<group>"; };
		D05EF75B1B0B70EF00D01AE4 /* Feed.h */ = {isa = PBXFileReference; lastKnownFileType = sourcecode.c.h; path = Feed.h; sourceTree = "<group>"; };
		D05EF75C1B0B70EF00D01AE4 /* Feed.m */ = {isa = PBXFileReference; lastKnownFileType = sourcecode.c.objc; path = Feed.m; sourceTree = "<group>"; };
		D05EF75F1B0B70EF00D01AE4 /* Base */ = {isa = PBXFileReference; lastKnownFileType = file.storyboard; name = Base; path = Base.lproj/Main.storyboard; sourceTree = "<group>"; };
		D05EF7611B0B70EF00D01AE4 /* Images.xcassets */ = {isa = PBXFileReference; lastKnownFileType = folder.assetcatalog; path = Images.xcassets; sourceTree = "<group>"; };
		D05EF7641B0B70EF00D01AE4 /* Base */ = {isa = PBXFileReference; lastKnownFileType = file.xib; name = Base; path = Base.lproj/LaunchScreen.xib; sourceTree = "<group>"; };
		D05EF76A1B0B70EF00D01AE4 /* BetterTests.xctest */ = {isa = PBXFileReference; explicitFileType = wrapper.cfbundle; includeInIndex = 0; path = BetterTests.xctest; sourceTree = BUILT_PRODUCTS_DIR; };
		D05EF76F1B0B70EF00D01AE4 /* Info.plist */ = {isa = PBXFileReference; lastKnownFileType = text.plist; name = Info.plist; path = BetterTests/Info.plist; sourceTree = "<group>"; };
		D05EF7701B0B70EF00D01AE4 /* BetterTests.m */ = {isa = PBXFileReference; lastKnownFileType = sourcecode.c.objc; name = BetterTests.m; path = BetterTests/BetterTests.m; sourceTree = SOURCE_ROOT; };
		D05EF77C1B0B8E0700D01AE4 /* Definitions.h */ = {isa = PBXFileReference; lastKnownFileType = sourcecode.c.h; path = Definitions.h; sourceTree = "<group>"; };
		D05EF7821B0B945F00D01AE4 /* Signup.h */ = {isa = PBXFileReference; fileEncoding = 4; lastKnownFileType = sourcecode.c.h; path = Signup.h; sourceTree = "<group>"; };
		D05EF7831B0B945F00D01AE4 /* Signup.m */ = {isa = PBXFileReference; fileEncoding = 4; lastKnownFileType = sourcecode.c.objc; path = Signup.m; sourceTree = "<group>"; };
		D05EF7861B0B9F0800D01AE4 /* Login.h */ = {isa = PBXFileReference; fileEncoding = 4; lastKnownFileType = sourcecode.c.h; path = Login.h; sourceTree = "<group>"; };
		D05EF7871B0B9F0800D01AE4 /* Login.m */ = {isa = PBXFileReference; fileEncoding = 4; lastKnownFileType = sourcecode.c.objc; path = Login.m; sourceTree = "<group>"; };
		D06629911B4AD7F900359261 /* FeedCellSingleImage.xib */ = {isa = PBXFileReference; fileEncoding = 4; lastKnownFileType = file.xib; path = FeedCellSingleImage.xib; sourceTree = "<group>"; };
		D06629921B4AD7F900359261 /* FeedCellLeftRight.xib */ = {isa = PBXFileReference; fileEncoding = 4; lastKnownFileType = file.xib; path = FeedCellLeftRight.xib; sourceTree = "<group>"; };
		D06629931B4AD7F900359261 /* FeedCellTopBottom.xib */ = {isa = PBXFileReference; fileEncoding = 4; lastKnownFileType = file.xib; path = FeedCellTopBottom.xib; sourceTree = "<group>"; };
		D06629971B4AD82200359261 /* FeedTableViewController.h */ = {isa = PBXFileReference; fileEncoding = 4; lastKnownFileType = sourcecode.c.h; path = FeedTableViewController.h; sourceTree = "<group>"; };
		D06629981B4AD82200359261 /* FeedTableViewController.m */ = {isa = PBXFileReference; fileEncoding = 4; lastKnownFileType = sourcecode.c.objc; path = FeedTableViewController.m; sourceTree = "<group>"; };
		D06629991B4AD82200359261 /* FeedTableViewController.xib */ = {isa = PBXFileReference; fileEncoding = 4; lastKnownFileType = file.xib; path = FeedTableViewController.xib; sourceTree = "<group>"; };
		D066299D1B4AD84A00359261 /* BEHotspotView.h */ = {isa = PBXFileReference; fileEncoding = 4; lastKnownFileType = sourcecode.c.h; path = BEHotspotView.h; sourceTree = "<group>"; };
		D066299E1B4AD84A00359261 /* BEHotspotView.m */ = {isa = PBXFileReference; fileEncoding = 4; lastKnownFileType = sourcecode.c.objc; path = BEHotspotView.m; sourceTree = "<group>"; };
		D06629A11B4AD86700359261 /* FeedCell.h */ = {isa = PBXFileReference; fileEncoding = 4; lastKnownFileType = sourcecode.c.h; path = FeedCell.h; sourceTree = "<group>"; };
		D06629A21B4AD86700359261 /* FeedCell.m */ = {isa = PBXFileReference; fileEncoding = 4; lastKnownFileType = sourcecode.c.objc; path = FeedCell.m; sourceTree = "<group>"; };
		D06629A31B4AD86700359261 /* FeedCellHeader.h */ = {isa = PBXFileReference; fileEncoding = 4; lastKnownFileType = sourcecode.c.h; path = FeedCellHeader.h; sourceTree = "<group>"; };
		D06629A41B4AD86700359261 /* FeedCellHeader.m */ = {isa = PBXFileReference; fileEncoding = 4; lastKnownFileType = sourcecode.c.objc; path = FeedCellHeader.m; sourceTree = "<group>"; };
		D06629AA1B4AD88C00359261 /* FeedCellSingleImage.h */ = {isa = PBXFileReference; fileEncoding = 4; lastKnownFileType = sourcecode.c.h; path = FeedCellSingleImage.h; sourceTree = "<group>"; };
		D06629AB1B4AD88C00359261 /* FeedCellSingleImage.m */ = {isa = PBXFileReference; fileEncoding = 4; lastKnownFileType = sourcecode.c.objc; path = FeedCellSingleImage.m; sourceTree = "<group>"; };
		D06629AD1B4AD89200359261 /* FeedCellLeftRight.h */ = {isa = PBXFileReference; fileEncoding = 4; lastKnownFileType = sourcecode.c.h; path = FeedCellLeftRight.h; sourceTree = "<group>"; };
		D06629AE1B4AD89200359261 /* FeedCellLeftRight.m */ = {isa = PBXFileReference; fileEncoding = 4; lastKnownFileType = sourcecode.c.objc; path = FeedCellLeftRight.m; sourceTree = "<group>"; };
		D06629B01B4AD89900359261 /* FeedCellTopBottom.h */ = {isa = PBXFileReference; fileEncoding = 4; lastKnownFileType = sourcecode.c.h; path = FeedCellTopBottom.h; sourceTree = "<group>"; };
		D06629B11B4AD89900359261 /* FeedCellTopBottom.m */ = {isa = PBXFileReference; fileEncoding = 4; lastKnownFileType = sourcecode.c.objc; path = FeedCellTopBottom.m; sourceTree = "<group>"; };
		D06F394B1B3305C700721FCE /* MyRanking.h */ = {isa = PBXFileReference; fileEncoding = 4; lastKnownFileType = sourcecode.c.h; path = MyRanking.h; sourceTree = "<group>"; };
		D06F394C1B3305C700721FCE /* MyRanking.m */ = {isa = PBXFileReference; fileEncoding = 4; lastKnownFileType = sourcecode.c.objc; path = MyRanking.m; sourceTree = "<group>"; };
		D06F394E1B33219100721FCE /* ExtendedNavBarView.h */ = {isa = PBXFileReference; fileEncoding = 4; lastKnownFileType = sourcecode.c.h; path = ExtendedNavBarView.h; sourceTree = "<group>"; };
		D06F394F1B33219100721FCE /* ExtendedNavBarView.m */ = {isa = PBXFileReference; fileEncoding = 4; lastKnownFileType = sourcecode.c.objc; path = ExtendedNavBarView.m; sourceTree = "<group>"; };
		D06F39511B3369A800721FCE /* Leaderboard.h */ = {isa = PBXFileReference; fileEncoding = 4; lastKnownFileType = sourcecode.c.h; path = Leaderboard.h; sourceTree = "<group>"; };
		D06F39521B3369A800721FCE /* Leaderboard.m */ = {isa = PBXFileReference; fileEncoding = 4; lastKnownFileType = sourcecode.c.objc; path = Leaderboard.m; sourceTree = "<group>"; };
		D07178611B601B64003863F0 /* BEAddTagButton.h */ = {isa = PBXFileReference; fileEncoding = 4; lastKnownFileType = sourcecode.c.h; path = BEAddTagButton.h; sourceTree = "<group>"; };
		D07178621B601B64003863F0 /* BEAddTagButton.m */ = {isa = PBXFileReference; fileEncoding = 4; lastKnownFileType = sourcecode.c.objc; path = BEAddTagButton.m; sourceTree = "<group>"; };
		D07178641B602E4A003863F0 /* SuggestedTag.h */ = {isa = PBXFileReference; fileEncoding = 4; lastKnownFileType = sourcecode.c.h; path = SuggestedTag.h; sourceTree = "<group>"; };
		D07178651B602E4A003863F0 /* SuggestedTag.m */ = {isa = PBXFileReference; fileEncoding = 4; lastKnownFileType = sourcecode.c.objc; path = SuggestedTag.m; sourceTree = "<group>"; };
		D07415601B59503900DAB004 /* BEPostingHotspotView.h */ = {isa = PBXFileReference; fileEncoding = 4; lastKnownFileType = sourcecode.c.h; path = BEPostingHotspotView.h; sourceTree = "<group>"; };
		D07415611B59503900DAB004 /* BEPostingHotspotView.m */ = {isa = PBXFileReference; fileEncoding = 4; lastKnownFileType = sourcecode.c.objc; path = BEPostingHotspotView.m; sourceTree = "<group>"; };
		D07A471F1B667F86009760BE /* FeedDataController.h */ = {isa = PBXFileReference; fileEncoding = 4; lastKnownFileType = sourcecode.c.h; path = FeedDataController.h; sourceTree = "<group>"; };
		D07A47201B667F86009760BE /* FeedDataController.m */ = {isa = PBXFileReference; fileEncoding = 4; lastKnownFileType = sourcecode.c.objc; path = FeedDataController.m; sourceTree = "<group>"; };
		D07A47221B66937D009760BE /* PostObject.h */ = {isa = PBXFileReference; lastKnownFileType = sourcecode.c.h; path = PostObject.h; sourceTree = "<group>"; };
		D07A47231B66D490009760BE /* PostObject.m */ = {isa = PBXFileReference; fileEncoding = 4; lastKnownFileType = sourcecode.c.objc; path = PostObject.m; sourceTree = "<group>"; };
		D0835FB61B0CEDFB00D88412 /* BETextField.h */ = {isa = PBXFileReference; fileEncoding = 4; lastKnownFileType = sourcecode.c.h; path = BETextField.h; sourceTree = "<group>"; };
		D0835FB71B0CEDFB00D88412 /* BETextField.m */ = {isa = PBXFileReference; fileEncoding = 4; lastKnownFileType = sourcecode.c.objc; path = BETextField.m; sourceTree = "<group>"; };
		D0835FBB1B0CF43B00D88412 /* ForgotPassword.h */ = {isa = PBXFileReference; fileEncoding = 4; lastKnownFileType = sourcecode.c.h; path = ForgotPassword.h; sourceTree = "<group>"; };
		D0835FBC1B0CF43B00D88412 /* ForgotPassword.m */ = {isa = PBXFileReference; fileEncoding = 4; lastKnownFileType = sourcecode.c.objc; path = ForgotPassword.m; sourceTree = "<group>"; };
		D099018D1B0E35A900760CDF /* Profile.h */ = {isa = PBXFileReference; fileEncoding = 4; lastKnownFileType = sourcecode.c.h; path = Profile.h; sourceTree = "<group>"; };
		D099018E1B0E35A900760CDF /* Profile.m */ = {isa = PBXFileReference; fileEncoding = 4; lastKnownFileType = sourcecode.c.objc; path = Profile.m; sourceTree = "<group>"; };
		D09901901B0E619300760CDF /* BEScrollingViewController.h */ = {isa = PBXFileReference; fileEncoding = 4; lastKnownFileType = sourcecode.c.h; path = BEScrollingViewController.h; sourceTree = "<group>"; };
		D09901911B0E619300760CDF /* BEScrollingViewController.m */ = {isa = PBXFileReference; fileEncoding = 4; lastKnownFileType = sourcecode.c.objc; path = BEScrollingViewController.m; sourceTree = "<group>"; };
		D0A250E31B1758AA003E7D0B /* BELine.h */ = {isa = PBXFileReference; fileEncoding = 4; lastKnownFileType = sourcecode.c.h; path = BELine.h; sourceTree = "<group>"; };
		D0A250E41B1758AA003E7D0B /* BELine.m */ = {isa = PBXFileReference; fileEncoding = 4; lastKnownFileType = sourcecode.c.objc; path = BELine.m; sourceTree = "<group>"; };
		D0A2C2671B0F6ECE00C44A7B /* Intro.h */ = {isa = PBXFileReference; fileEncoding = 4; lastKnownFileType = sourcecode.c.h; path = Intro.h; sourceTree = "<group>"; };
		D0A2C2681B0F6ECE00C44A7B /* Intro.m */ = {isa = PBXFileReference; fileEncoding = 4; lastKnownFileType = sourcecode.c.objc; path = Intro.m; sourceTree = "<group>"; };
		D0A977FE1B6AAF1A00895B6B /* BELabelFast.h */ = {isa = PBXFileReference; fileEncoding = 4; lastKnownFileType = sourcecode.c.h; path = BELabelFast.h; sourceTree = "<group>"; };
		D0A977FF1B6AAF1A00895B6B /* BELabelFast.m */ = {isa = PBXFileReference; fileEncoding = 4; lastKnownFileType = sourcecode.c.objc; path = BELabelFast.m; sourceTree = "<group>"; };
		D0B282D81B1E0545006FD580 /* BEDatePickerView.h */ = {isa = PBXFileReference; fileEncoding = 4; lastKnownFileType = sourcecode.c.h; path = BEDatePickerView.h; sourceTree = "<group>"; };
		D0B282D91B1E0545006FD580 /* BEDatePickerView.m */ = {isa = PBXFileReference; fileEncoding = 4; lastKnownFileType = sourcecode.c.objc; path = BEDatePickerView.m; sourceTree = "<group>"; };
		D0B282E71B1E5081006FD580 /* BEPickerView.h */ = {isa = PBXFileReference; fileEncoding = 4; lastKnownFileType = sourcecode.c.h; path = BEPickerView.h; sourceTree = "<group>"; };
		D0B282E81B1E5081006FD580 /* BEPickerView.m */ = {isa = PBXFileReference; fileEncoding = 4; lastKnownFileType = sourcecode.c.objc; path = BEPickerView.m; sourceTree = "<group>"; };
		D0C082901B2F0A49009341B0 /* Feed.storyboard */ = {isa = PBXFileReference; fileEncoding = 4; lastKnownFileType = file.storyboard; name = Feed.storyboard; path = Base.lproj/Feed.storyboard; sourceTree = "<group>"; };
		D0CBA1C61B2239F0002DD192 /* BETappableView.h */ = {isa = PBXFileReference; fileEncoding = 4; lastKnownFileType = sourcecode.c.h; path = BETappableView.h; sourceTree = "<group>"; };
		D0CBA1C71B2239F0002DD192 /* BETappableView.m */ = {isa = PBXFileReference; fileEncoding = 4; lastKnownFileType = sourcecode.c.objc; path = BETappableView.m; sourceTree = "<group>"; };
		D0CD72091B2B6237004A5765 /* MyRankingController.h */ = {isa = PBXFileReference; fileEncoding = 4; lastKnownFileType = sourcecode.c.h; path = MyRankingController.h; sourceTree = "<group>"; };
		D0CD720A1B2B6237004A5765 /* MyRankingController.m */ = {isa = PBXFileReference; fileEncoding = 4; lastKnownFileType = sourcecode.c.objc; path = MyRankingController.m; sourceTree = "<group>"; };
		D0CD720C1B2B72D1004A5765 /* RankBarView.h */ = {isa = PBXFileReference; fileEncoding = 4; lastKnownFileType = sourcecode.c.h; path = RankBarView.h; sourceTree = "<group>"; };
		D0CD720D1B2B72D1004A5765 /* RankBarView.m */ = {isa = PBXFileReference; fileEncoding = 4; lastKnownFileType = sourcecode.c.objc; path = RankBarView.m; sourceTree = "<group>"; };
		D0D7CA951B0F89AB00363A39 /* IntroPageContent.h */ = {isa = PBXFileReference; fileEncoding = 4; lastKnownFileType = sourcecode.c.h; path = IntroPageContent.h; sourceTree = "<group>"; };
		D0D7CA961B0F89AB00363A39 /* IntroPageContent.m */ = {isa = PBXFileReference; fileEncoding = 4; lastKnownFileType = sourcecode.c.objc; path = IntroPageContent.m; sourceTree = "<group>"; };
		D0D7CA981B0F8E8E00363A39 /* IntroPage.h */ = {isa = PBXFileReference; fileEncoding = 4; lastKnownFileType = sourcecode.c.h; path = IntroPage.h; sourceTree = "<group>"; };
		D0D7CA991B0F8E8E00363A39 /* IntroPage.m */ = {isa = PBXFileReference; fileEncoding = 4; lastKnownFileType = sourcecode.c.objc; path = IntroPage.m; sourceTree = "<group>"; };
		D0F347DA1B289829001950E4 /* MyAccount.h */ = {isa = PBXFileReference; fileEncoding = 4; lastKnownFileType = sourcecode.c.h; path = MyAccount.h; sourceTree = "<group>"; };
		D0F347DB1B289829001950E4 /* MyAccount.m */ = {isa = PBXFileReference; fileEncoding = 4; lastKnownFileType = sourcecode.c.objc; path = MyAccount.m; sourceTree = "<group>"; };
		D0FA295A1B5E8E1900F5B24C /* SuggestedTags.plist */ = {isa = PBXFileReference; fileEncoding = 4; lastKnownFileType = text.plist.xml; path = SuggestedTags.plist; sourceTree = "<group>"; };
		D0FA29621B5E994400F5B24C /* HashtagCellDeletable.h */ = {isa = PBXFileReference; fileEncoding = 4; lastKnownFileType = sourcecode.c.h; path = HashtagCellDeletable.h; sourceTree = "<group>"; };
		D0FA29631B5E994400F5B24C /* HashtagCellDeletable.m */ = {isa = PBXFileReference; fileEncoding = 4; lastKnownFileType = sourcecode.c.objc; path = HashtagCellDeletable.m; sourceTree = "<group>"; };
		D0FA29641B5E994400F5B24C /* HashtagCellDeletable.xib */ = {isa = PBXFileReference; fileEncoding = 4; lastKnownFileType = file.xib; path = HashtagCellDeletable.xib; sourceTree = "<group>"; };
		D0FA29671B5E998E00F5B24C /* HashtagCellNoDelete.h */ = {isa = PBXFileReference; fileEncoding = 4; lastKnownFileType = sourcecode.c.h; path = HashtagCellNoDelete.h; sourceTree = "<group>"; };
		D0FA29681B5E998E00F5B24C /* HashtagCellNoDelete.m */ = {isa = PBXFileReference; fileEncoding = 4; lastKnownFileType = sourcecode.c.objc; path = HashtagCellNoDelete.m; sourceTree = "<group>"; };
		D0FA29691B5E998E00F5B24C /* HashtagCellNoDelete.xib */ = {isa = PBXFileReference; fileEncoding = 4; lastKnownFileType = file.xib; path = HashtagCellNoDelete.xib; sourceTree = "<group>"; };
		D0FA29701B5EE52000F5B24C /* SelectedHashtagsFlowLayout.h */ = {isa = PBXFileReference; fileEncoding = 4; lastKnownFileType = sourcecode.c.h; path = SelectedHashtagsFlowLayout.h; sourceTree = "<group>"; };
		D0FA29711B5EE52000F5B24C /* SelectedHashtagsFlowLayout.m */ = {isa = PBXFileReference; fileEncoding = 4; lastKnownFileType = sourcecode.c.objc; path = SelectedHashtagsFlowLayout.m; sourceTree = "<group>"; };
		EC28AD39D34D3975720338BA /* libPods.a */ = {isa = PBXFileReference; explicitFileType = archive.ar; includeInIndex = 0; path = libPods.a; sourceTree = BUILT_PRODUCTS_DIR; };
/* End PBXFileReference section */

/* Begin PBXFrameworksBuildPhase section */
		D05EF74E1B0B70EF00D01AE4 /* Frameworks */ = {
			isa = PBXFrameworksBuildPhase;
			buildActionMask = 2147483647;
			files = (
				D01CB7471B2A126D003DF616 /* MessageUI.framework in Frameworks */,
				C7E587D3A4E84C486D8DF64F /* libPods.a in Frameworks */,
			);
			runOnlyForDeploymentPostprocessing = 0;
		};
		D05EF7671B0B70EF00D01AE4 /* Frameworks */ = {
			isa = PBXFrameworksBuildPhase;
			buildActionMask = 2147483647;
			files = (
			);
			runOnlyForDeploymentPostprocessing = 0;
		};
/* End PBXFrameworksBuildPhase section */

/* Begin PBXGroup section */
		310740791B1F668200927B2D /* Following */ = {
			isa = PBXGroup;
			children = (
				3107407C1B1F685200927B2D /* Following.h */,
				3107407A1B1F66C400927B2D /* Following.m */,
			);
			name = Following;
			sourceTree = "<group>";
		};
		31C5CFCD1B20E61200472161 /* Alert */ = {
			isa = PBXGroup;
			children = (
				31C5CFCE1B20E63F00472161 /* CustomAlert.h */,
				31C5CFCF1B20E65900472161 /* CustomAlert.m */,
			);
			name = Alert;
			path = ../Better.xcodeproj;
			sourceTree = "<group>";
		};
		4698A8C7D3B45484E4B553AE /* Frameworks */ = {
			isa = PBXGroup;
			children = (
				D01CB7461B2A126D003DF616 /* MessageUI.framework */,
				EC28AD39D34D3975720338BA /* libPods.a */,
			);
			name = Frameworks;
			sourceTree = "<group>";
		};
		BD65FCE5F6D72438A5EFBA4C /* Pods */ = {
			isa = PBXGroup;
			children = (
				B0BFE93A98894EBBC42AA3B0 /* Pods.debug.xcconfig */,
				8ACB9E8F432E58E61684C492 /* Pods.release.xcconfig */,
			);
			name = Pods;
			sourceTree = "<group>";
		};
		D006D1621B27767F008A48FA /* Settings */ = {
			isa = PBXGroup;
			children = (
				D006D1631B2776C7008A48FA /* Settings.h */,
				D006D1641B2776C7008A48FA /* Settings.m */,
			);
			name = Settings;
			sourceTree = "<group>";
		};
		D00B29F31B3897EF00DB87EC /* Collection Views */ = {
			isa = PBXGroup;
			children = (
				D00B29F61B3898D600DB87EC /* BadgesCollectionViewCell.h */,
				D00B29F71B3898D600DB87EC /* BadgesCollectionViewCell.m */,
				D00B29F81B3898D600DB87EC /* BadgesCollectionViewCell.xib */,
			);
			name = "Collection Views";
			sourceTree = "<group>";
		};
		D01514C81B1F685200EFE991 /* UserInfo */ = {
			isa = PBXGroup;
			children = (
				D01514C91B1F686E00EFE991 /* UserInfo.h */,
				D01514CA1B1F686E00EFE991 /* UserInfo.m */,
				D02DE0DE1B2F74A000FE6A6A /* UserRank.h */,
				D02DE0DF1B2F74A000FE6A6A /* UserRank.m */,
				D04DEE7A1B30698400BF1557 /* UserNotifications.h */,
				D04DEE7B1B30698400BF1557 /* UserNotifications.m */,
				D04DEE831B30BE6000BF1557 /* UserCounts.h */,
				D04DEE841B30BE6000BF1557 /* UserCounts.m */,
				D031CEDD1B39DD900039A9C1 /* LeaderboardData.h */,
				D031CEDE1B39DD900039A9C1 /* LeaderboardData.m */,
			);
			name = UserInfo;
			sourceTree = "<group>";
		};
		D01CB73E1B29CBD0003DF616 /* Notifications */ = {
			isa = PBXGroup;
			children = (
				D01CB73F1B29CBE3003DF616 /* Notifications.h */,
				D01CB7401B29CBE3003DF616 /* Notifications.m */,
			);
			name = Notifications;
			sourceTree = "<group>";
		};
		D01CB7421B29D73C003DF616 /* Support */ = {
			isa = PBXGroup;
			children = (
				D01CB7431B29D78D003DF616 /* Support.h */,
				D01CB7441B29D78D003DF616 /* Support.m */,
				D01CB74B1B2A2711003DF616 /* TermsPrivacy.h */,
				D01CB74C1B2A2711003DF616 /* TermsPrivacy.m */,
			);
			name = Support;
			sourceTree = "<group>";
		};
		D02DE0DA1B2F64E800FE6A6A /* My Information */ = {
			isa = PBXGroup;
			children = (
				D02DE0DB1B2F651F00FE6A6A /* MyInformation.h */,
				D02DE0DC1B2F651F00FE6A6A /* MyInformation.m */,
			);
			name = "My Information";
			sourceTree = "<group>";
		};
		D03057981B20E83600F20072 /* Menu */ = {
			isa = PBXGroup;
			children = (
				31C5CFD11B20E93E00472161 /* Menu.h */,
				31C5CFD21B20E93E00472161 /* Menu.m */,
			);
			name = Menu;
			sourceTree = "<group>";
		};
		D03057991B20E83E00F20072 /* Filter */ = {
			isa = PBXGroup;
			children = (
				31C5CFD41B20E95800472161 /* Filter.h */,
				31C5CFD51B20E95800472161 /* Filter.m */,
			);
			name = Filter;
			sourceTree = "<group>";
		};
		D04999E21B4D6C7C00A52FD2 /* Creating a Post */ = {
			isa = PBXGroup;
			children = (
				D04999E31B4D6EA600A52FD2 /* PostLayoutViewController.h */,
				D04999E41B4D6EA600A52FD2 /* PostLayoutViewController.m */,
				D04999E61B4D6FE700A52FD2 /* PostHashtagsViewController.h */,
				D04999E71B4D6FE700A52FD2 /* PostHashtagsViewController.m */,
				D0FA29611B5E963B00F5B24C /* Hashtag Cell */,
				D0FA296C1B5EE45D00F5B24C /* Flow Layout subclass */,
				D07415601B59503900DAB004 /* BEPostingHotspotView.h */,
				D07415611B59503900DAB004 /* BEPostingHotspotView.m */,
				D07178641B602E4A003863F0 /* SuggestedTag.h */,
				D07178651B602E4A003863F0 /* SuggestedTag.m */,
			);
			name = "Creating a Post";
			sourceTree = "<group>";
		};
		D04999EC1B4D826700A52FD2 /* Alert */ = {
			isa = PBXGroup;
			children = (
				D04999ED1B4D833500A52FD2 /* BEAlert.h */,
				D04999EE1B4D833500A52FD2 /* BEAlert.m */,
			);
			name = Alert;
			sourceTree = "<group>";
		};
		D04DEE821B30B01E00BF1557 /* Table Views */ = {
			isa = PBXGroup;
			children = (
				D04DEE7D1B30AFFC00BF1557 /* MyInfoTableViewCell.h */,
				D04DEE7E1B30AFFC00BF1557 /* MyInfoTableViewCell.m */,
				D04DEE7F1B30AFFC00BF1557 /* MyInfoTableViewCell.xib */,
				D031CEE01B39E4D70039A9C1 /* LeaderboardTableViewCell.h */,
				D031CEE11B39E4D70039A9C1 /* LeaderboardTableViewCell.m */,
				D031CEE21B39E4D70039A9C1 /* LeaderboardTableViewCell.xib */,
			);
			name = "Table Views";
			sourceTree = "<group>";
		};
		D05584B31B31D119003FD842 /* Fonts */ = {
			isa = PBXGroup;
			children = (
				D05584B41B31D12A003FD842 /* Raleway-Black.ttf */,
				D05584B51B31D12A003FD842 /* Raleway-BlackItalic.ttf */,
				D05584B61B31D12A003FD842 /* Raleway-Bold.ttf */,
				D05584B71B31D12A003FD842 /* Raleway-BoldItalic.ttf */,
				D05584B81B31D12A003FD842 /* Raleway-ExtraBold.ttf */,
				D05584B91B31D12A003FD842 /* Raleway-ExtraBoldItalic.ttf */,
				D05584BA1B31D12A003FD842 /* Raleway-ExtraLight.ttf */,
				D05584BB1B31D12A003FD842 /* Raleway-ExtraLightItalic.ttf */,
				D05584BC1B31D12A003FD842 /* Raleway-Italic.ttf */,
				D05584BD1B31D12A003FD842 /* Raleway-Light.ttf */,
				D05584BE1B31D12A003FD842 /* Raleway-LightItalic.ttf */,
				D05584BF1B31D12A003FD842 /* Raleway-Medium.ttf */,
				D05584C01B31D12A003FD842 /* Raleway-MediumItalic.ttf */,
				D05584C11B31D12A003FD842 /* Raleway-Regular.ttf */,
				D05584C21B31D12A003FD842 /* Raleway-SemiBold.ttf */,
				D05584C31B31D12A003FD842 /* Raleway-SemiBoldItalic.ttf */,
				D05584C41B31D12A003FD842 /* Raleway-Thin.ttf */,
				D05584C51B31D12A003FD842 /* Raleway-ThinItalic.ttf */,
			);
			name = Fonts;
			sourceTree = "<group>";
		};
		D05584E71B31F168003FD842 /* Labels, buttons */ = {
			isa = PBXGroup;
			children = (
				D05584E81B31F1C1003FD842 /* BELabel.h */,
				D05584E91B31F1C1003FD842 /* BELabel.m */,
				D05584EB1B31F2E5003FD842 /* BEButton.h */,
				D05584EC1B31F2E5003FD842 /* BEButton.m */,
				D07178611B601B64003863F0 /* BEAddTagButton.h */,
				D07178621B601B64003863F0 /* BEAddTagButton.m */,
			);
			name = "Labels, buttons";
			sourceTree = "<group>";
		};
		D05EF7481B0B70EF00D01AE4 = {
			isa = PBXGroup;
			children = (
				D05EF7531B0B70EF00D01AE4 /* Better */,
				D05EF76D1B0B70EF00D01AE4 /* TestsTests */,
				D05EF7521B0B70EF00D01AE4 /* Products */,
				BD65FCE5F6D72438A5EFBA4C /* Pods */,
				4698A8C7D3B45484E4B553AE /* Frameworks */,
			);
			sourceTree = "<group>";
		};
		D05EF7521B0B70EF00D01AE4 /* Products */ = {
			isa = PBXGroup;
			children = (
				D05EF7511B0B70EF00D01AE4 /* Better.app */,
				D05EF76A1B0B70EF00D01AE4 /* BetterTests.xctest */,
			);
			name = Products;
			sourceTree = "<group>";
		};
		D05EF7531B0B70EF00D01AE4 /* Better */ = {
			isa = PBXGroup;
			children = (
				31C5CFCD1B20E61200472161 /* Alert */,
				D01514C81B1F685200EFE991 /* UserInfo */,
				310740791B1F668200927B2D /* Following */,
				D05EF77A1B0B7AF800D01AE4 /* AppDelegate */,
				D05EF77D1B0B8F2800D01AE4 /* Introduction */,
				D05EF77B1B0B7B0900D01AE4 /* Feed */,
				D04999E21B4D6C7C00A52FD2 /* Creating a Post */,
				D066298E1B4AD7A600359261 /* Feed Table View */,
				D03057981B20E83600F20072 /* Menu */,
				D03057991B20E83E00F20072 /* Filter */,
				D02DE0DA1B2F64E800FE6A6A /* My Information */,
				D0CD72081B2B619B004A5765 /* My Ranking */,
				D006D1621B27767F008A48FA /* Settings */,
				D0F347D91B289814001950E4 /* MyAccount */,
				D01CB73E1B29CBD0003DF616 /* Notifications */,
				D01CB7421B29D73C003DF616 /* Support */,
				D05EF7811B0B943300D01AE4 /* SignUp */,
				D05EF7851B0B9E5400D01AE4 /* Login */,
				D099018C1B0E359000760CDF /* Profile */,
				D0835FBA1B0CF41100D88412 /* ForgotPassword */,
				D0835FB51B0CECBE00D88412 /* Custom Objects */,
				D05EF75E1B0B70EF00D01AE4 /* Main.storyboard */,
				D0C082901B2F0A49009341B0 /* Feed.storyboard */,
				D054D8A11B4C247A00E72132 /* CreatePost.storyboard */,
				D05584EE1B320A1D003FD842 /* Settings.storyboard */,
				D05EF7611B0B70EF00D01AE4 /* Images.xcassets */,
				D05EF7631B0B70EF00D01AE4 /* LaunchScreen.xib */,
				D05EF7541B0B70EF00D01AE4 /* Supporting Files */,
			);
			path = Better;
			sourceTree = "<group>";
		};
		D05EF7541B0B70EF00D01AE4 /* Supporting Files */ = {
			isa = PBXGroup;
			children = (
				D05584B31B31D119003FD842 /* Fonts */,
				D05EF77C1B0B8E0700D01AE4 /* Definitions.h */,
				D03DB44E1B1F4CAA00810E1E /* Countries.plist */,
				D0FA295A1B5E8E1900F5B24C /* SuggestedTags.plist */,
				D05EF7551B0B70EF00D01AE4 /* Info.plist */,
				D05EF7561B0B70EF00D01AE4 /* main.m */,
			);
			name = "Supporting Files";
			sourceTree = "<group>";
		};
		D05EF76D1B0B70EF00D01AE4 /* TestsTests */ = {
			isa = PBXGroup;
			children = (
				D05EF7701B0B70EF00D01AE4 /* BetterTests.m */,
				D05EF76E1B0B70EF00D01AE4 /* Supporting Files */,
			);
			path = TestsTests;
			sourceTree = "<group>";
		};
		D05EF76E1B0B70EF00D01AE4 /* Supporting Files */ = {
			isa = PBXGroup;
			children = (
				D05EF76F1B0B70EF00D01AE4 /* Info.plist */,
			);
			name = "Supporting Files";
			sourceTree = "<group>";
		};
		D05EF77A1B0B7AF800D01AE4 /* AppDelegate */ = {
			isa = PBXGroup;
			children = (
				D05EF7581B0B70EF00D01AE4 /* AppDelegate.h */,
				D05EF7591B0B70EF00D01AE4 /* AppDelegate.m */,
			);
			name = AppDelegate;
			sourceTree = "<group>";
		};
		D05EF77B1B0B7B0900D01AE4 /* Feed */ = {
			isa = PBXGroup;
			children = (
				D05EF75B1B0B70EF00D01AE4 /* Feed.h */,
				D05EF75C1B0B70EF00D01AE4 /* Feed.m */,
			);
			name = Feed;
			sourceTree = "<group>";
		};
		D05EF77D1B0B8F2800D01AE4 /* Introduction */ = {
			isa = PBXGroup;
			children = (
				D0A2C2671B0F6ECE00C44A7B /* Intro.h */,
				D0A2C2681B0F6ECE00C44A7B /* Intro.m */,
				D0D7CA981B0F8E8E00363A39 /* IntroPage.h */,
				D0D7CA991B0F8E8E00363A39 /* IntroPage.m */,
			);
			name = Introduction;
			sourceTree = "<group>";
		};
		D05EF7811B0B943300D01AE4 /* SignUp */ = {
			isa = PBXGroup;
			children = (
				D05EF7821B0B945F00D01AE4 /* Signup.h */,
				D05EF7831B0B945F00D01AE4 /* Signup.m */,
			);
			name = SignUp;
			sourceTree = "<group>";
		};
		D05EF7851B0B9E5400D01AE4 /* Login */ = {
			isa = PBXGroup;
			children = (
				D05EF7861B0B9F0800D01AE4 /* Login.h */,
				D05EF7871B0B9F0800D01AE4 /* Login.m */,
			);
			name = Login;
			sourceTree = "<group>";
		};
		D066298E1B4AD7A600359261 /* Feed Table View */ = {
			isa = PBXGroup;
			children = (
				D066298F1B4AD7CD00359261 /* TableView Controller */,
				D06629901B4AD7D400359261 /* TableView Cells */,
				D066299C1B4AD83A00359261 /* UI Objects */,
				D07A471E1B667F2F009760BE /* Data model */,
			);
			name = "Feed Table View";
			sourceTree = "<group>";
		};
		D066298F1B4AD7CD00359261 /* TableView Controller */ = {
			isa = PBXGroup;
			children = (
				D06629971B4AD82200359261 /* FeedTableViewController.h */,
				D06629981B4AD82200359261 /* FeedTableViewController.m */,
				D06629991B4AD82200359261 /* FeedTableViewController.xib */,
			);
			name = "TableView Controller";
			sourceTree = "<group>";
		};
		D06629901B4AD7D400359261 /* TableView Cells */ = {
			isa = PBXGroup;
			children = (
				D06629A71B4AD86F00359261 /* Single image */,
				D06629A81B4AD87700359261 /* Left-Right */,
				D06629A91B4AD87B00359261 /* Top-Bottom */,
				D06629A01B4AD85B00359261 /* Superclass */,
				D054D8A31B4C38A600E72132 /* FeedCellHeader.xib */,
				D06629911B4AD7F900359261 /* FeedCellSingleImage.xib */,
				D06629921B4AD7F900359261 /* FeedCellLeftRight.xib */,
				D06629931B4AD7F900359261 /* FeedCellTopBottom.xib */,
			);
			name = "TableView Cells";
			sourceTree = "<group>";
		};
		D066299C1B4AD83A00359261 /* UI Objects */ = {
			isa = PBXGroup;
			children = (
				D066299D1B4AD84A00359261 /* BEHotspotView.h */,
				D066299E1B4AD84A00359261 /* BEHotspotView.m */,
				D0A977FE1B6AAF1A00895B6B /* BELabelFast.h */,
				D0A977FF1B6AAF1A00895B6B /* BELabelFast.m */,
				D027306B1B6C14930059CBE7 /* BEFadingImageView.h */,
				D027306C1B6C14930059CBE7 /* BEFadingImageView.m */,
			);
			name = "UI Objects";
			sourceTree = "<group>";
		};
		D06629A01B4AD85B00359261 /* Superclass */ = {
			isa = PBXGroup;
			children = (
				D06629A11B4AD86700359261 /* FeedCell.h */,
				D06629A21B4AD86700359261 /* FeedCell.m */,
				D06629A31B4AD86700359261 /* FeedCellHeader.h */,
				D06629A41B4AD86700359261 /* FeedCellHeader.m */,
			);
			name = Superclass;
			sourceTree = "<group>";
		};
		D06629A71B4AD86F00359261 /* Single image */ = {
			isa = PBXGroup;
			children = (
				D06629AA1B4AD88C00359261 /* FeedCellSingleImage.h */,
				D06629AB1B4AD88C00359261 /* FeedCellSingleImage.m */,
			);
			name = "Single image";
			sourceTree = "<group>";
		};
		D06629A81B4AD87700359261 /* Left-Right */ = {
			isa = PBXGroup;
			children = (
				D06629AD1B4AD89200359261 /* FeedCellLeftRight.h */,
				D06629AE1B4AD89200359261 /* FeedCellLeftRight.m */,
			);
			name = "Left-Right";
			sourceTree = "<group>";
		};
		D06629A91B4AD87B00359261 /* Top-Bottom */ = {
			isa = PBXGroup;
			children = (
				D06629B01B4AD89900359261 /* FeedCellTopBottom.h */,
				D06629B11B4AD89900359261 /* FeedCellTopBottom.m */,
			);
			name = "Top-Bottom";
			sourceTree = "<group>";
		};
		D07A471E1B667F2F009760BE /* Data model */ = {
			isa = PBXGroup;
			children = (
				D07A47221B66937D009760BE /* PostObject.h */,
				D07A47231B66D490009760BE /* PostObject.m */,
				D07A471F1B667F86009760BE /* FeedDataController.h */,
				D07A47201B667F86009760BE /* FeedDataController.m */,
			);
			name = "Data model";
			sourceTree = "<group>";
		};
		D0835FB51B0CECBE00D88412 /* Custom Objects */ = {
			isa = PBXGroup;
			children = (
				D04999EC1B4D826700A52FD2 /* Alert */,
				D05584E71B31F168003FD842 /* Labels, buttons */,
				D0D7CA941B0F898300363A39 /* Intro Page */,
				D0835FB91B0CEE0700D88412 /* Text Field */,
				D0E8D3711B1900AD008BA7A9 /* Pickers */,
				D04DEE821B30B01E00BF1557 /* Table Views */,
				D00B29F31B3897EF00DB87EC /* Collection Views */,
				D09901931B0E63CC00760CDF /* View Controllers */,
				D0CBA1C51B2239B3002DD192 /* Tappable View */,
				D0A250E21B17588A003E7D0B /* Drawing in Views */,
			);
			name = "Custom Objects";
			sourceTree = "<group>";
		};
		D0835FB91B0CEE0700D88412 /* Text Field */ = {
			isa = PBXGroup;
			children = (
				D0835FB61B0CEDFB00D88412 /* BETextField.h */,
				D0835FB71B0CEDFB00D88412 /* BETextField.m */,
			);
			name = "Text Field";
			sourceTree = "<group>";
		};
		D0835FBA1B0CF41100D88412 /* ForgotPassword */ = {
			isa = PBXGroup;
			children = (
				D0835FBB1B0CF43B00D88412 /* ForgotPassword.h */,
				D0835FBC1B0CF43B00D88412 /* ForgotPassword.m */,
			);
			name = ForgotPassword;
			sourceTree = "<group>";
		};
		D099018C1B0E359000760CDF /* Profile */ = {
			isa = PBXGroup;
			children = (
				D099018D1B0E35A900760CDF /* Profile.h */,
				D099018E1B0E35A900760CDF /* Profile.m */,
			);
			name = Profile;
			sourceTree = "<group>";
		};
		D09901931B0E63CC00760CDF /* View Controllers */ = {
			isa = PBXGroup;
			children = (
				D09901901B0E619300760CDF /* BEScrollingViewController.h */,
				D09901911B0E619300760CDF /* BEScrollingViewController.m */,
				D00B29EE1B38491F00DB87EC /* BEPageViewController.h */,
				D00B29EF1B38491F00DB87EC /* BEPageViewController.m */,
				D00B29F01B38491F00DB87EC /* BEPageViewController.xib */,
			);
			name = "View Controllers";
			sourceTree = "<group>";
		};
		D0A250E21B17588A003E7D0B /* Drawing in Views */ = {
			isa = PBXGroup;
			children = (
				D0A250E31B1758AA003E7D0B /* BELine.h */,
				D0A250E41B1758AA003E7D0B /* BELine.m */,
			);
			name = "Drawing in Views";
			sourceTree = "<group>";
		};
		D0CBA1C51B2239B3002DD192 /* Tappable View */ = {
			isa = PBXGroup;
			children = (
				D0CBA1C61B2239F0002DD192 /* BETappableView.h */,
				D0CBA1C71B2239F0002DD192 /* BETappableView.m */,
			);
			name = "Tappable View";
			sourceTree = "<group>";
		};
		D0CD72081B2B619B004A5765 /* My Ranking */ = {
			isa = PBXGroup;
			children = (
				D0CD72091B2B6237004A5765 /* MyRankingController.h */,
				D0CD720A1B2B6237004A5765 /* MyRankingController.m */,
				D06F394E1B33219100721FCE /* ExtendedNavBarView.h */,
				D06F394F1B33219100721FCE /* ExtendedNavBarView.m */,
				D06F394B1B3305C700721FCE /* MyRanking.h */,
				D06F394C1B3305C700721FCE /* MyRanking.m */,
				D06F39511B3369A800721FCE /* Leaderboard.h */,
				D06F39521B3369A800721FCE /* Leaderboard.m */,
				D0CD720C1B2B72D1004A5765 /* RankBarView.h */,
				D0CD720D1B2B72D1004A5765 /* RankBarView.m */,
			);
			name = "My Ranking";
			sourceTree = "<group>";
		};
		D0D7CA941B0F898300363A39 /* Intro Page */ = {
			isa = PBXGroup;
			children = (
				D0D7CA951B0F89AB00363A39 /* IntroPageContent.h */,
				D0D7CA961B0F89AB00363A39 /* IntroPageContent.m */,
			);
			name = "Intro Page";
			sourceTree = "<group>";
		};
		D0E8D3711B1900AD008BA7A9 /* Pickers */ = {
			isa = PBXGroup;
			children = (
				D0B282E71B1E5081006FD580 /* BEPickerView.h */,
				D0B282E81B1E5081006FD580 /* BEPickerView.m */,
				D0B282D81B1E0545006FD580 /* BEDatePickerView.h */,
				D0B282D91B1E0545006FD580 /* BEDatePickerView.m */,
			);
			name = Pickers;
			sourceTree = "<group>";
		};
		D0F347D91B289814001950E4 /* MyAccount */ = {
			isa = PBXGroup;
			children = (
				D0F347DA1B289829001950E4 /* MyAccount.h */,
				D0F347DB1B289829001950E4 /* MyAccount.m */,
			);
			name = MyAccount;
			sourceTree = "<group>";
		};
		D0FA29611B5E963B00F5B24C /* Hashtag Cell */ = {
			isa = PBXGroup;
			children = (
				D0FA29621B5E994400F5B24C /* HashtagCellDeletable.h */,
				D0FA29631B5E994400F5B24C /* HashtagCellDeletable.m */,
				D0FA29641B5E994400F5B24C /* HashtagCellDeletable.xib */,
				D0FA29671B5E998E00F5B24C /* HashtagCellNoDelete.h */,
				D0FA29681B5E998E00F5B24C /* HashtagCellNoDelete.m */,
				D0FA29691B5E998E00F5B24C /* HashtagCellNoDelete.xib */,
			);
			name = "Hashtag Cell";
			sourceTree = "<group>";
		};
		D0FA296C1B5EE45D00F5B24C /* Flow Layout subclass */ = {
			isa = PBXGroup;
			children = (
				D0FA29701B5EE52000F5B24C /* SelectedHashtagsFlowLayout.h */,
				D0FA29711B5EE52000F5B24C /* SelectedHashtagsFlowLayout.m */,
			);
			name = "Flow Layout subclass";
			sourceTree = "<group>";
		};
/* End PBXGroup section */

/* Begin PBXNativeTarget section */
		D05EF7501B0B70EF00D01AE4 /* Better */ = {
			isa = PBXNativeTarget;
			buildConfigurationList = D05EF7741B0B70EF00D01AE4 /* Build configuration list for PBXNativeTarget "Better" */;
			buildPhases = (
				E96258FBBC61165FED7453D9 /* Check Pods Manifest.lock */,
				D05EF74D1B0B70EF00D01AE4 /* Sources */,
				D05EF74E1B0B70EF00D01AE4 /* Frameworks */,
				D05EF74F1B0B70EF00D01AE4 /* Resources */,
				23916D277F9AA08D509CBCB4 /* Copy Pods Resources */,
			);
			buildRules = (
			);
			dependencies = (
			);
			name = Better;
			productName = Tests;
			productReference = D05EF7511B0B70EF00D01AE4 /* Better.app */;
			productType = "com.apple.product-type.application";
		};
		D05EF7691B0B70EF00D01AE4 /* BetterBetter */ = {
			isa = PBXNativeTarget;
			buildConfigurationList = D05EF7771B0B70EF00D01AE4 /* Build configuration list for PBXNativeTarget "BetterBetter" */;
			buildPhases = (
				D05EF7661B0B70EF00D01AE4 /* Sources */,
				D05EF7671B0B70EF00D01AE4 /* Frameworks */,
				D05EF7681B0B70EF00D01AE4 /* Resources */,
			);
			buildRules = (
			);
			dependencies = (
				D05EF76C1B0B70EF00D01AE4 /* PBXTargetDependency */,
			);
			name = BetterBetter;
			productName = TestsTests;
			productReference = D05EF76A1B0B70EF00D01AE4 /* BetterTests.xctest */;
			productType = "com.apple.product-type.bundle.unit-test";
		};
/* End PBXNativeTarget section */

/* Begin PBXProject section */
		D05EF7491B0B70EF00D01AE4 /* Project object */ = {
			isa = PBXProject;
			attributes = {
				LastUpgradeCheck = 0630;
				ORGANIZATIONNAME = Company;
				TargetAttributes = {
					D05EF7501B0B70EF00D01AE4 = {
						CreatedOnToolsVersion = 6.3.1;
						DevelopmentTeam = 7Z354MCLYK;
					};
					D05EF7691B0B70EF00D01AE4 = {
						CreatedOnToolsVersion = 6.3.1;
						TestTargetID = D05EF7501B0B70EF00D01AE4;
					};
				};
			};
			buildConfigurationList = D05EF74C1B0B70EF00D01AE4 /* Build configuration list for PBXProject "Better" */;
			compatibilityVersion = "Xcode 3.2";
			developmentRegion = English;
			hasScannedForEncodings = 0;
			knownRegions = (
				en,
				Base,
			);
			mainGroup = D05EF7481B0B70EF00D01AE4;
			productRefGroup = D05EF7521B0B70EF00D01AE4 /* Products */;
			projectDirPath = "";
			projectRoot = "";
			targets = (
				D05EF7501B0B70EF00D01AE4 /* Better */,
				D05EF7691B0B70EF00D01AE4 /* BetterBetter */,
			);
		};
/* End PBXProject section */

/* Begin PBXResourcesBuildPhase section */
		D05EF74F1B0B70EF00D01AE4 /* Resources */ = {
			isa = PBXResourcesBuildPhase;
			buildActionMask = 2147483647;
			files = (
				D05584D81B31D355003FD842 /* MyInfoTableViewCell.xib in Resources */,
				D05584D91B31D355003FD842 /* Main.storyboard in Resources */,
				D05584DA1B31D355003FD842 /* Feed.storyboard in Resources */,
				D054D8A21B4C247A00E72132 /* CreatePost.storyboard in Resources */,
				D05584DB1B31D355003FD842 /* LaunchScreen.xib in Resources */,
				D05584C71B31D12A003FD842 /* Raleway-BlackItalic.ttf in Resources */,
				D05584CE1B31D12A003FD842 /* Raleway-Italic.ttf in Resources */,
				D05584C81B31D12A003FD842 /* Raleway-Bold.ttf in Resources */,
				D066299B1B4AD82200359261 /* FeedTableViewController.xib in Resources */,
				D05584D61B31D12A003FD842 /* Raleway-Thin.ttf in Resources */,
				D05584D51B31D12A003FD842 /* Raleway-SemiBoldItalic.ttf in Resources */,
				D05584D71B31D12A003FD842 /* Raleway-ThinItalic.ttf in Resources */,
				D03DB44F1B1F4CAA00810E1E /* Countries.plist in Resources */,
				D06629961B4AD7F900359261 /* FeedCellTopBottom.xib in Resources */,
				D06629941B4AD7F900359261 /* FeedCellSingleImage.xib in Resources */,
				D05584D41B31D12A003FD842 /* Raleway-SemiBold.ttf in Resources */,
				D054D8A41B4C38A600E72132 /* FeedCellHeader.xib in Resources */,
				D05584CF1B31D12A003FD842 /* Raleway-Light.ttf in Resources */,
				D05EF7621B0B70EF00D01AE4 /* Images.xcassets in Resources */,
				D05584C91B31D12A003FD842 /* Raleway-BoldItalic.ttf in Resources */,
				D05584CB1B31D12A003FD842 /* Raleway-ExtraBoldItalic.ttf in Resources */,
				D05584D31B31D12A003FD842 /* Raleway-Regular.ttf in Resources */,
				D05584C61B31D12A003FD842 /* Raleway-Black.ttf in Resources */,
				D00B29F21B38491F00DB87EC /* BEPageViewController.xib in Resources */,
				D05584D11B31D12A003FD842 /* Raleway-Medium.ttf in Resources */,
				D05584EF1B320A1D003FD842 /* Settings.storyboard in Resources */,
				D031CEE41B39E4D70039A9C1 /* LeaderboardTableViewCell.xib in Resources */,
				D0FA29661B5E994400F5B24C /* HashtagCellDeletable.xib in Resources */,
				D0FA296B1B5E998E00F5B24C /* HashtagCellNoDelete.xib in Resources */,
				D05584D01B31D12A003FD842 /* Raleway-LightItalic.ttf in Resources */,
				D05584D21B31D12A003FD842 /* Raleway-MediumItalic.ttf in Resources */,
				D05584CA1B31D12A003FD842 /* Raleway-ExtraBold.ttf in Resources */,
				D05584CD1B31D12A003FD842 /* Raleway-ExtraLightItalic.ttf in Resources */,
				D0FA295B1B5E8E1900F5B24C /* SuggestedTags.plist in Resources */,
				D00B29FA1B3898D600DB87EC /* BadgesCollectionViewCell.xib in Resources */,
				D05584CC1B31D12A003FD842 /* Raleway-ExtraLight.ttf in Resources */,
				D06629951B4AD7F900359261 /* FeedCellLeftRight.xib in Resources */,
			);
			runOnlyForDeploymentPostprocessing = 0;
		};
		D05EF7681B0B70EF00D01AE4 /* Resources */ = {
			isa = PBXResourcesBuildPhase;
			buildActionMask = 2147483647;
			files = (
			);
			runOnlyForDeploymentPostprocessing = 0;
		};
/* End PBXResourcesBuildPhase section */

/* Begin PBXShellScriptBuildPhase section */
		23916D277F9AA08D509CBCB4 /* Copy Pods Resources */ = {
			isa = PBXShellScriptBuildPhase;
			buildActionMask = 2147483647;
			files = (
			);
			inputPaths = (
			);
			name = "Copy Pods Resources";
			outputPaths = (
			);
			runOnlyForDeploymentPostprocessing = 0;
			shellPath = /bin/sh;
			shellScript = "\"${SRCROOT}/Pods/Target Support Files/Pods/Pods-resources.sh\"\n";
			showEnvVarsInLog = 0;
		};
		E96258FBBC61165FED7453D9 /* Check Pods Manifest.lock */ = {
			isa = PBXShellScriptBuildPhase;
			buildActionMask = 2147483647;
			files = (
			);
			inputPaths = (
			);
			name = "Check Pods Manifest.lock";
			outputPaths = (
			);
			runOnlyForDeploymentPostprocessing = 0;
			shellPath = /bin/sh;
			shellScript = "diff \"${PODS_ROOT}/../Podfile.lock\" \"${PODS_ROOT}/Manifest.lock\" > /dev/null\nif [[ $? != 0 ]] ; then\n    cat << EOM\nerror: The sandbox is not in sync with the Podfile.lock. Run 'pod install' or update your CocoaPods installation.\nEOM\n    exit 1\nfi\n";
			showEnvVarsInLog = 0;
		};
/* End PBXShellScriptBuildPhase section */

/* Begin PBXSourcesBuildPhase section */
		D05EF74D1B0B70EF00D01AE4 /* Sources */ = {
			isa = PBXSourcesBuildPhase;
			buildActionMask = 2147483647;
			files = (
				D04DEE7C1B30698400BF1557 /* UserNotifications.m in Sources */,
				D06F39501B33219100721FCE /* ExtendedNavBarView.m in Sources */,
				D02DE0DD1B2F651F00FE6A6A /* MyInformation.m in Sources */,
				D05EF75D1B0B70EF00D01AE4 /* Feed.m in Sources */,
				D04999E51B4D6EA600A52FD2 /* PostLayoutViewController.m in Sources */,
				D00B29F91B3898D600DB87EC /* BadgesCollectionViewCell.m in Sources */,
				D06629AF1B4AD89200359261 /* FeedCellLeftRight.m in Sources */,
				D030579C1B20E84E00F20072 /* (null) in Sources */,
				D07178661B602E4A003863F0 /* SuggestedTag.m in Sources */,
				D06F39531B3369A800721FCE /* Leaderboard.m in Sources */,
				D01514CB1B1F686E00EFE991 /* UserInfo.m in Sources */,
				D05EF75A1B0B70EF00D01AE4 /* AppDelegate.m in Sources */,
				31C5CFD31B20E93E00472161 /* Menu.m in Sources */,
				D05584ED1B31F2E5003FD842 /* BEButton.m in Sources */,
				D05EF7571B0B70EF00D01AE4 /* main.m in Sources */,
				D0CD720E1B2B72D1004A5765 /* RankBarView.m in Sources */,
				D04DEE801B30AFFC00BF1557 /* MyInfoTableViewCell.m in Sources */,
				D07A47211B667F86009760BE /* FeedDataController.m in Sources */,
				D07178631B601B64003863F0 /* BEAddTagButton.m in Sources */,
				D0835FB81B0CEDFB00D88412 /* BETextField.m in Sources */,
				D09901921B0E619300760CDF /* BEScrollingViewController.m in Sources */,
				D031CEDF1B39DD900039A9C1 /* LeaderboardData.m in Sources */,
				D0FA29721B5EE52000F5B24C /* SelectedHashtagsFlowLayout.m in Sources */,
				D04999EF1B4D833500A52FD2 /* BEAlert.m in Sources */,
				D066299F1B4AD84A00359261 /* BEHotspotView.m in Sources */,
				D01CB7451B29D78D003DF616 /* Support.m in Sources */,
				D0A250E51B1758AA003E7D0B /* BELine.m in Sources */,
				D05EF7881B0B9F0800D01AE4 /* Login.m in Sources */,
				D02DE0E01B2F74A000FE6A6A /* UserRank.m in Sources */,
				D031CEE31B39E4D70039A9C1 /* LeaderboardTableViewCell.m in Sources */,
				D06629AC1B4AD88C00359261 /* FeedCellSingleImage.m in Sources */,
				31C5CFD01B20E65900472161 /* CustomAlert.m in Sources */,
				D07A47241B66D490009760BE /* PostObject.m in Sources */,
				D06F394D1B3305C700721FCE /* MyRanking.m in Sources */,
				D0CBA1C81B2239F0002DD192 /* BETappableView.m in Sources */,
				3107407B1B1F66C400927B2D /* Following.m in Sources */,
				D01CB74D1B2A2711003DF616 /* TermsPrivacy.m in Sources */,
				D0A2C2691B0F6ECE00C44A7B /* Intro.m in Sources */,
				D01CB7411B29CBE3003DF616 /* Notifications.m in Sources */,
				D006D1651B2776C7008A48FA /* Settings.m in Sources */,
				D05584EA1B31F1C1003FD842 /* BELabel.m in Sources */,
				D04999E81B4D6FE700A52FD2 /* PostHashtagsViewController.m in Sources */,
				D07415621B59503900DAB004 /* BEPostingHotspotView.m in Sources */,
				D030579F1B20E85900F20072 /* (null) in Sources */,
				D06629B21B4AD89900359261 /* FeedCellTopBottom.m in Sources */,
				31C5CFD61B20E95800472161 /* Filter.m in Sources */,
				D0F347DC1B289829001950E4 /* MyAccount.m in Sources */,
				D0CD720B1B2B6237004A5765 /* MyRankingController.m in Sources */,
				D0FA29651B5E994400F5B24C /* HashtagCellDeletable.m in Sources */,
				D066299A1B4AD82200359261 /* FeedTableViewController.m in Sources */,
				D0D7CA9A1B0F8E8E00363A39 /* IntroPage.m in Sources */,
				D0B282E91B1E5081006FD580 /* BEPickerView.m in Sources */,
				D06629A51B4AD86700359261 /* FeedCell.m in Sources */,
				D06629A61B4AD86700359261 /* FeedCellHeader.m in Sources */,
				D0A978001B6AAF1A00895B6B /* BELabelFast.m in Sources */,
				D00B29F11B38491F00DB87EC /* BEPageViewController.m in Sources */,
				D0FA296A1B5E998E00F5B24C /* HashtagCellNoDelete.m in Sources */,
				D05EF7841B0B945F00D01AE4 /* Signup.m in Sources */,
				D04DEE851B30BE6000BF1557 /* UserCounts.m in Sources */,
				D099018F1B0E35A900760CDF /* Profile.m in Sources */,
				D027306D1B6C14930059CBE7 /* BEFadingImageView.m in Sources */,
				D0B282DA1B1E0545006FD580 /* BEDatePickerView.m in Sources */,
				D0D7CA971B0F89AB00363A39 /* IntroPageContent.m in Sources */,
				D0835FBD1B0CF43B00D88412 /* ForgotPassword.m in Sources */,
			);
			runOnlyForDeploymentPostprocessing = 0;
		};
		D05EF7661B0B70EF00D01AE4 /* Sources */ = {
			isa = PBXSourcesBuildPhase;
			buildActionMask = 2147483647;
			files = (
				D05EF7711B0B70EF00D01AE4 /* BetterTests.m in Sources */,
			);
			runOnlyForDeploymentPostprocessing = 0;
		};
/* End PBXSourcesBuildPhase section */

/* Begin PBXTargetDependency section */
		D05EF76C1B0B70EF00D01AE4 /* PBXTargetDependency */ = {
			isa = PBXTargetDependency;
			target = D05EF7501B0B70EF00D01AE4 /* Better */;
			targetProxy = D05EF76B1B0B70EF00D01AE4 /* PBXContainerItemProxy */;
		};
/* End PBXTargetDependency section */

/* Begin PBXVariantGroup section */
		D05EF75E1B0B70EF00D01AE4 /* Main.storyboard */ = {
			isa = PBXVariantGroup;
			children = (
				D05EF75F1B0B70EF00D01AE4 /* Base */,
			);
			name = Main.storyboard;
			sourceTree = "<group>";
		};
		D05EF7631B0B70EF00D01AE4 /* LaunchScreen.xib */ = {
			isa = PBXVariantGroup;
			children = (
				D05EF7641B0B70EF00D01AE4 /* Base */,
			);
			name = LaunchScreen.xib;
			sourceTree = "<group>";
		};
/* End PBXVariantGroup section */

/* Begin XCBuildConfiguration section */
		D05EF7721B0B70EF00D01AE4 /* Debug */ = {
			isa = XCBuildConfiguration;
			buildSettings = {
				ALWAYS_SEARCH_USER_PATHS = NO;
				CLANG_CXX_LANGUAGE_STANDARD = "gnu++0x";
				CLANG_CXX_LIBRARY = "libc++";
				CLANG_ENABLE_MODULES = YES;
				CLANG_ENABLE_OBJC_ARC = YES;
				CLANG_WARN_BOOL_CONVERSION = YES;
				CLANG_WARN_CONSTANT_CONVERSION = YES;
				CLANG_WARN_DIRECT_OBJC_ISA_USAGE = YES_ERROR;
				CLANG_WARN_EMPTY_BODY = YES;
				CLANG_WARN_ENUM_CONVERSION = YES;
				CLANG_WARN_INT_CONVERSION = YES;
				CLANG_WARN_OBJC_ROOT_CLASS = YES_ERROR;
				CLANG_WARN_UNREACHABLE_CODE = YES;
				CLANG_WARN__DUPLICATE_METHOD_MATCH = YES;
				"CODE_SIGN_IDENTITY[sdk=iphoneos*]" = "iPhone Developer";
				COPY_PHASE_STRIP = NO;
				DEBUG_INFORMATION_FORMAT = "dwarf-with-dsym";
				ENABLE_STRICT_OBJC_MSGSEND = YES;
				GCC_C_LANGUAGE_STANDARD = gnu99;
				GCC_DYNAMIC_NO_PIC = NO;
				GCC_NO_COMMON_BLOCKS = YES;
				GCC_OPTIMIZATION_LEVEL = 0;
				GCC_PREPROCESSOR_DEFINITIONS = (
					"DEBUG=1",
					"$(inherited)",
				);
				GCC_SYMBOLS_PRIVATE_EXTERN = NO;
				GCC_WARN_64_TO_32_BIT_CONVERSION = YES;
				GCC_WARN_ABOUT_RETURN_TYPE = YES_ERROR;
				GCC_WARN_UNDECLARED_SELECTOR = YES;
				GCC_WARN_UNINITIALIZED_AUTOS = YES_AGGRESSIVE;
				GCC_WARN_UNUSED_FUNCTION = YES;
				GCC_WARN_UNUSED_VARIABLE = YES;
				IPHONEOS_DEPLOYMENT_TARGET = 6.1;
				MTL_ENABLE_DEBUG_INFO = YES;
				ONLY_ACTIVE_ARCH = YES;
				SDKROOT = iphoneos;
			};
			name = Debug;
		};
		D05EF7731B0B70EF00D01AE4 /* Release */ = {
			isa = XCBuildConfiguration;
			buildSettings = {
				ALWAYS_SEARCH_USER_PATHS = NO;
				CLANG_CXX_LANGUAGE_STANDARD = "gnu++0x";
				CLANG_CXX_LIBRARY = "libc++";
				CLANG_ENABLE_MODULES = YES;
				CLANG_ENABLE_OBJC_ARC = YES;
				CLANG_WARN_BOOL_CONVERSION = YES;
				CLANG_WARN_CONSTANT_CONVERSION = YES;
				CLANG_WARN_DIRECT_OBJC_ISA_USAGE = YES_ERROR;
				CLANG_WARN_EMPTY_BODY = YES;
				CLANG_WARN_ENUM_CONVERSION = YES;
				CLANG_WARN_INT_CONVERSION = YES;
				CLANG_WARN_OBJC_ROOT_CLASS = YES_ERROR;
				CLANG_WARN_UNREACHABLE_CODE = YES;
				CLANG_WARN__DUPLICATE_METHOD_MATCH = YES;
				"CODE_SIGN_IDENTITY[sdk=iphoneos*]" = "iPhone Developer";
				COPY_PHASE_STRIP = NO;
				DEBUG_INFORMATION_FORMAT = "dwarf-with-dsym";
				ENABLE_NS_ASSERTIONS = NO;
				ENABLE_STRICT_OBJC_MSGSEND = YES;
				GCC_C_LANGUAGE_STANDARD = gnu99;
				GCC_NO_COMMON_BLOCKS = YES;
				GCC_WARN_64_TO_32_BIT_CONVERSION = YES;
				GCC_WARN_ABOUT_RETURN_TYPE = YES_ERROR;
				GCC_WARN_UNDECLARED_SELECTOR = YES;
				GCC_WARN_UNINITIALIZED_AUTOS = YES_AGGRESSIVE;
				GCC_WARN_UNUSED_FUNCTION = YES;
				GCC_WARN_UNUSED_VARIABLE = YES;
				IPHONEOS_DEPLOYMENT_TARGET = 6.1;
				MTL_ENABLE_DEBUG_INFO = NO;
				SDKROOT = iphoneos;
				VALIDATE_PRODUCT = YES;
			};
			name = Release;
		};
		D05EF7751B0B70EF00D01AE4 /* Debug */ = {
			isa = XCBuildConfiguration;
			baseConfigurationReference = B0BFE93A98894EBBC42AA3B0 /* Pods.debug.xcconfig */;
			buildSettings = {
				ASSETCATALOG_COMPILER_APPICON_NAME = AppIcon;
				ASSETCATALOG_COMPILER_LAUNCHIMAGE_NAME = LaunchImage;
				CODE_SIGN_IDENTITY = "iPhone Developer";
				INFOPLIST_FILE = Better/Info.plist;
				IPHONEOS_DEPLOYMENT_TARGET = 7.0;
				LD_RUNPATH_SEARCH_PATHS = "$(inherited) @executable_path/Frameworks";
				PRODUCT_NAME = Better;
				TARGETED_DEVICE_FAMILY = 1;
			};
			name = Debug;
		};
		D05EF7761B0B70EF00D01AE4 /* Release */ = {
			isa = XCBuildConfiguration;
			baseConfigurationReference = 8ACB9E8F432E58E61684C492 /* Pods.release.xcconfig */;
			buildSettings = {
				ASSETCATALOG_COMPILER_APPICON_NAME = AppIcon;
				ASSETCATALOG_COMPILER_LAUNCHIMAGE_NAME = LaunchImage;
				CODE_SIGN_IDENTITY = "iPhone Developer";
				INFOPLIST_FILE = Better/Info.plist;
				IPHONEOS_DEPLOYMENT_TARGET = 7.0;
				LD_RUNPATH_SEARCH_PATHS = "$(inherited) @executable_path/Frameworks";
				PRODUCT_NAME = Better;
				TARGETED_DEVICE_FAMILY = 1;
			};
			name = Release;
		};
		D05EF7781B0B70EF00D01AE4 /* Debug */ = {
			isa = XCBuildConfiguration;
			buildSettings = {
				BUNDLE_LOADER = "$(TEST_HOST)";
				FRAMEWORK_SEARCH_PATHS = (
					"$(SDKROOT)/Developer/Library/Frameworks",
					"$(inherited)",
				);
				GCC_PREPROCESSOR_DEFINITIONS = (
					"DEBUG=1",
					"$(inherited)",
				);
				INFOPLIST_FILE = BetterTests/Info.plist;
				LD_RUNPATH_SEARCH_PATHS = "$(inherited) @executable_path/Frameworks @loader_path/Frameworks";
				PRODUCT_NAME = BetterTests;
				TEST_HOST = "$(BUILT_PRODUCTS_DIR)/Better.app/Better";
			};
			name = Debug;
		};
		D05EF7791B0B70EF00D01AE4 /* Release */ = {
			isa = XCBuildConfiguration;
			buildSettings = {
				BUNDLE_LOADER = "$(TEST_HOST)";
				FRAMEWORK_SEARCH_PATHS = (
					"$(SDKROOT)/Developer/Library/Frameworks",
					"$(inherited)",
				);
				INFOPLIST_FILE = BetterTests/Info.plist;
				LD_RUNPATH_SEARCH_PATHS = "$(inherited) @executable_path/Frameworks @loader_path/Frameworks";
				PRODUCT_NAME = BetterTests;
				TEST_HOST = "$(BUILT_PRODUCTS_DIR)/Better.app/Better";
			};
			name = Release;
		};
/* End XCBuildConfiguration section */

/* Begin XCConfigurationList section */
		D05EF74C1B0B70EF00D01AE4 /* Build configuration list for PBXProject "Better" */ = {
			isa = XCConfigurationList;
			buildConfigurations = (
				D05EF7721B0B70EF00D01AE4 /* Debug */,
				D05EF7731B0B70EF00D01AE4 /* Release */,
			);
			defaultConfigurationIsVisible = 0;
			defaultConfigurationName = Release;
		};
		D05EF7741B0B70EF00D01AE4 /* Build configuration list for PBXNativeTarget "Better" */ = {
			isa = XCConfigurationList;
			buildConfigurations = (
				D05EF7751B0B70EF00D01AE4 /* Debug */,
				D05EF7761B0B70EF00D01AE4 /* Release */,
			);
			defaultConfigurationIsVisible = 0;
			defaultConfigurationName = Release;
		};
		D05EF7771B0B70EF00D01AE4 /* Build configuration list for PBXNativeTarget "BetterBetter" */ = {
			isa = XCConfigurationList;
			buildConfigurations = (
				D05EF7781B0B70EF00D01AE4 /* Debug */,
				D05EF7791B0B70EF00D01AE4 /* Release */,
			);
			defaultConfigurationIsVisible = 0;
			defaultConfigurationName = Release;
		};
/* End XCConfigurationList section */
	};
	rootObject = D05EF7491B0B70EF00D01AE4 /* Project object */;
}
